// !$*UTF8*$!
{
	archiveVersion = 1;
	classes = {
	};
	objectVersion = 50;
	objects = {

/* Begin PBXBuildFile section */
		2924523E26D331830011AD44 /* AppDelegate.m in Sources */ = {isa = PBXBuildFile; fileRef = 2924523D26D331830011AD44 /* AppDelegate.m */; };
		2924524126D331830011AD44 /* SceneDelegate.m in Sources */ = {isa = PBXBuildFile; fileRef = 2924524026D331830011AD44 /* SceneDelegate.m */; };
		2924524426D331830011AD44 /* ViewController.m in Sources */ = {isa = PBXBuildFile; fileRef = 2924524326D331830011AD44 /* ViewController.m */; };
		2924524726D331830011AD44 /* Main.storyboard in Resources */ = {isa = PBXBuildFile; fileRef = 2924524526D331830011AD44 /* Main.storyboard */; };
		2924524926D3318C0011AD44 /* Assets.xcassets in Resources */ = {isa = PBXBuildFile; fileRef = 2924524826D3318C0011AD44 /* Assets.xcassets */; };
		2924524C26D3318C0011AD44 /* LaunchScreen.storyboard in Resources */ = {isa = PBXBuildFile; fileRef = 2924524A26D3318C0011AD44 /* LaunchScreen.storyboard */; };
		2924524F26D3318C0011AD44 /* main.m in Sources */ = {isa = PBXBuildFile; fileRef = 2924524E26D3318C0011AD44 /* main.m */; };
		2924525826D331A40011AD44 /* TestLayer.m in Sources */ = {isa = PBXBuildFile; fileRef = 2924525726D331A30011AD44 /* TestLayer.m */; };
		2924542226E0A7CC0011AD44 /* TestDyLib.h in Headers */ = {isa = PBXBuildFile; fileRef = 2924542026E0A7CC0011AD44 /* TestDyLib.h */; settings = {ATTRIBUTES = (Public, ); }; };
		292454A826E0A8050011AD44 /* sm2oc.m in Sources */ = {isa = PBXBuildFile; fileRef = 2924542E26E0A8050011AD44 /* sm2oc.m */; };
		292454A926E0A8050011AD44 /* sm4.m in Sources */ = {isa = PBXBuildFile; fileRef = 2924543126E0A8050011AD44 /* sm4.m */; };
		292454AB26E0A8050011AD44 /* opensslconf.h.in in Resources */ = {isa = PBXBuildFile; fileRef = 2924547326E0A8050011AD44 /* opensslconf.h.in */; };
		292454AE26E0A82F0011AD44 /* libssl.a in Frameworks */ = {isa = PBXBuildFile; fileRef = 292454A726E0A8050011AD44 /* libssl.a */; };
		292454AF26E0A8350011AD44 /* libcrypto.a in Frameworks */ = {isa = PBXBuildFile; fileRef = 2924543426E0A8050011AD44 /* libcrypto.a */; };
		292454B026E0A8390011AD44 /* libcrypto.a in Frameworks */ = {isa = PBXBuildFile; fileRef = 2924539326E0A6E50011AD44 /* libcrypto.a */; };
		292454B126E0A83C0011AD44 /* libssl.a in Frameworks */ = {isa = PBXBuildFile; fileRef = 2924539626E0A6EA0011AD44 /* libssl.a */; };
		292454B526E0A8660011AD44 /* TestClass.h in Headers */ = {isa = PBXBuildFile; fileRef = 292454B326E0A8660011AD44 /* TestClass.h */; };
		292454B626E0A8660011AD44 /* TestClass.m in Sources */ = {isa = PBXBuildFile; fileRef = 292454B426E0A8660011AD44 /* TestClass.m */; };
		292454BA26E0A98D0011AD44 /* sm4.m in Sources */ = {isa = PBXBuildFile; fileRef = 2924541026E0A6F50011AD44 /* sm4.m */; };
		292454BC26E0A9910011AD44 /* sm2oc.m in Sources */ = {isa = PBXBuildFile; fileRef = 2924540D26E0A6F50011AD44 /* sm2oc.m */; };
		292454C626E0AFDB0011AD44 /* testc.c in Sources */ = {isa = PBXBuildFile; fileRef = 292454C526E0AFDB0011AD44 /* testc.c */; };
		292454C826E0B1110011AD44 /* testc.c in Sources */ = {isa = PBXBuildFile; fileRef = 292454C726E0B1110011AD44 /* testc.c */; };
/* End PBXBuildFile section */

/* Begin PBXContainerItemProxy section */
		2924542326E0A7CC0011AD44 /* PBXContainerItemProxy */ = {
			isa = PBXContainerItemProxy;
			containerPortal = 2924523126D331820011AD44 /* Project object */;
			proxyType = 1;
			remoteGlobalIDString = 2924541D26E0A7CC0011AD44;
			remoteInfo = TestDyLib;
		};
/* End PBXContainerItemProxy section */

/* Begin PBXCopyFilesBuildPhase section */
		2924542A26E0A7CC0011AD44 /* Embed Frameworks */ = {
			isa = PBXCopyFilesBuildPhase;
			buildActionMask = 2147483647;
			dstPath = "";
			dstSubfolderSpec = 10;
			files = (
			);
			name = "Embed Frameworks";
			runOnlyForDeploymentPostprocessing = 0;
		};
/* End PBXCopyFilesBuildPhase section */

/* Begin PBXFileReference section */
		2924523926D331830011AD44 /* BLAAllDemo.app */ = {isa = PBXFileReference; explicitFileType = wrapper.application; includeInIndex = 0; path = BLAAllDemo.app; sourceTree = BUILT_PRODUCTS_DIR; };
		2924523C26D331830011AD44 /* AppDelegate.h */ = {isa = PBXFileReference; lastKnownFileType = sourcecode.c.h; path = AppDelegate.h; sourceTree = "<group>"; };
		2924523D26D331830011AD44 /* AppDelegate.m */ = {isa = PBXFileReference; lastKnownFileType = sourcecode.c.objc; path = AppDelegate.m; sourceTree = "<group>"; };
		2924523F26D331830011AD44 /* SceneDelegate.h */ = {isa = PBXFileReference; lastKnownFileType = sourcecode.c.h; path = SceneDelegate.h; sourceTree = "<group>"; };
		2924524026D331830011AD44 /* SceneDelegate.m */ = {isa = PBXFileReference; lastKnownFileType = sourcecode.c.objc; path = SceneDelegate.m; sourceTree = "<group>"; };
		2924524226D331830011AD44 /* ViewController.h */ = {isa = PBXFileReference; lastKnownFileType = sourcecode.c.h; path = ViewController.h; sourceTree = "<group>"; };
		2924524326D331830011AD44 /* ViewController.m */ = {isa = PBXFileReference; lastKnownFileType = sourcecode.c.objc; path = ViewController.m; sourceTree = "<group>"; };
		2924524626D331830011AD44 /* Base */ = {isa = PBXFileReference; lastKnownFileType = file.storyboard; name = Base; path = Base.lproj/Main.storyboard; sourceTree = "<group>"; };
		2924524826D3318C0011AD44 /* Assets.xcassets */ = {isa = PBXFileReference; lastKnownFileType = folder.assetcatalog; path = Assets.xcassets; sourceTree = "<group>"; };
		2924524B26D3318C0011AD44 /* Base */ = {isa = PBXFileReference; lastKnownFileType = file.storyboard; name = Base; path = Base.lproj/LaunchScreen.storyboard; sourceTree = "<group>"; };
		2924524D26D3318C0011AD44 /* Info.plist */ = {isa = PBXFileReference; lastKnownFileType = text.plist.xml; path = Info.plist; sourceTree = "<group>"; };
		2924524E26D3318C0011AD44 /* main.m */ = {isa = PBXFileReference; lastKnownFileType = sourcecode.c.objc; path = main.m; sourceTree = "<group>"; };
		2924525626D331A30011AD44 /* TestLayer.h */ = {isa = PBXFileReference; fileEncoding = 4; lastKnownFileType = sourcecode.c.h; path = TestLayer.h; sourceTree = "<group>"; };
		2924525726D331A30011AD44 /* TestLayer.m */ = {isa = PBXFileReference; fileEncoding = 4; lastKnownFileType = sourcecode.c.objc; path = TestLayer.m; sourceTree = "<group>"; };
		2924539326E0A6E50011AD44 /* libcrypto.a */ = {isa = PBXFileReference; lastKnownFileType = archive.ar; path = libcrypto.a; sourceTree = "<group>"; };
		2924539626E0A6EA0011AD44 /* libssl.a */ = {isa = PBXFileReference; lastKnownFileType = archive.ar; path = libssl.a; sourceTree = "<group>"; };
		2924539926E0A6F00011AD44 /* pem2.h */ = {isa = PBXFileReference; fileEncoding = 4; lastKnownFileType = sourcecode.c.h; path = pem2.h; sourceTree = "<group>"; };
		2924539A26E0A6F00011AD44 /* kdf.h */ = {isa = PBXFileReference; fileEncoding = 4; lastKnownFileType = sourcecode.c.h; path = kdf.h; sourceTree = "<group>"; };
		2924539B26E0A6F00011AD44 /* pem.h */ = {isa = PBXFileReference; fileEncoding = 4; lastKnownFileType = sourcecode.c.h; path = pem.h; sourceTree = "<group>"; };
		2924539C26E0A6F00011AD44 /* md2.h */ = {isa = PBXFileReference; fileEncoding = 4; lastKnownFileType = sourcecode.c.h; path = md2.h; sourceTree = "<group>"; };
		2924539D26E0A6F00011AD44 /* ssl3.h */ = {isa = PBXFileReference; fileEncoding = 4; lastKnownFileType = sourcecode.c.h; path = ssl3.h; sourceTree = "<group>"; };
		2924539E26E0A6F00011AD44 /* ossl_typ.h */ = {isa = PBXFileReference; fileEncoding = 4; lastKnownFileType = sourcecode.c.h; path = ossl_typ.h; sourceTree = "<group>"; };
		2924539F26E0A6F00011AD44 /* dtls1.h */ = {isa = PBXFileReference; fileEncoding = 4; lastKnownFileType = sourcecode.c.h; path = dtls1.h; sourceTree = "<group>"; };
		292453A026E0A6F00011AD44 /* speck.h */ = {isa = PBXFileReference; fileEncoding = 4; lastKnownFileType = sourcecode.c.h; path = speck.h; sourceTree = "<group>"; };
		292453A126E0A6F00011AD44 /* err.h */ = {isa = PBXFileReference; fileEncoding = 4; lastKnownFileType = sourcecode.c.h; path = err.h; sourceTree = "<group>"; };
		292453A226E0A6F00011AD44 /* bn.h */ = {isa = PBXFileReference; fileEncoding = 4; lastKnownFileType = sourcecode.c.h; path = bn.h; sourceTree = "<group>"; };
		292453A326E0A6F00011AD44 /* ec_type1.h */ = {isa = PBXFileReference; fileEncoding = 4; lastKnownFileType = sourcecode.c.h; path = ec_type1.h; sourceTree = "<group>"; };
		292453A426E0A6F00011AD44 /* cpk.h */ = {isa = PBXFileReference; fileEncoding = 4; lastKnownFileType = sourcecode.c.h; path = cpk.h; sourceTree = "<group>"; };
		292453A526E0A6F00011AD44 /* blowfish.h */ = {isa = PBXFileReference; fileEncoding = 4; lastKnownFileType = sourcecode.c.h; path = blowfish.h; sourceTree = "<group>"; };
		292453A626E0A6F00011AD44 /* cms.h */ = {isa = PBXFileReference; fileEncoding = 4; lastKnownFileType = sourcecode.c.h; path = cms.h; sourceTree = "<group>"; };
		292453A726E0A6F00011AD44 /* engine.h */ = {isa = PBXFileReference; fileEncoding = 4; lastKnownFileType = sourcecode.c.h; path = engine.h; sourceTree = "<group>"; };
		292453A826E0A6F00011AD44 /* conf_api.h */ = {isa = PBXFileReference; fileEncoding = 4; lastKnownFileType = sourcecode.c.h; path = conf_api.h; sourceTree = "<group>"; };
		292453A926E0A6F00011AD44 /* x509.h */ = {isa = PBXFileReference; fileEncoding = 4; lastKnownFileType = sourcecode.c.h; path = x509.h; sourceTree = "<group>"; };
		292453AA26E0A6F00011AD44 /* asn1_mac.h */ = {isa = PBXFileReference; fileEncoding = 4; lastKnownFileType = sourcecode.c.h; path = asn1_mac.h; sourceTree = "<group>"; };
		292453AB26E0A6F00011AD44 /* sm1.h */ = {isa = PBXFileReference; fileEncoding = 4; lastKnownFileType = sourcecode.c.h; path = sm1.h; sourceTree = "<group>"; };
		292453AC26E0A6F00011AD44 /* ui.h */ = {isa = PBXFileReference; fileEncoding = 4; lastKnownFileType = sourcecode.c.h; path = ui.h; sourceTree = "<group>"; };
		292453AD26E0A6F00011AD44 /* sha.h */ = {isa = PBXFileReference; fileEncoding = 4; lastKnownFileType = sourcecode.c.h; path = sha.h; sourceTree = "<group>"; };
		292453AE26E0A6F00011AD44 /* symhacks.h */ = {isa = PBXFileReference; fileEncoding = 4; lastKnownFileType = sourcecode.c.h; path = symhacks.h; sourceTree = "<group>"; };
		292453AF26E0A6F00011AD44 /* asn1.h */ = {isa = PBXFileReference; fileEncoding = 4; lastKnownFileType = sourcecode.c.h; path = asn1.h; sourceTree = "<group>"; };
		292453B026E0A6F00011AD44 /* opensslconf.h */ = {isa = PBXFileReference; fileEncoding = 4; lastKnownFileType = sourcecode.c.h; path = opensslconf.h; sourceTree = "<group>"; };
		292453B126E0A6F00011AD44 /* bio.h */ = {isa = PBXFileReference; fileEncoding = 4; lastKnownFileType = sourcecode.c.h; path = bio.h; sourceTree = "<group>"; };
		292453B226E0A6F00011AD44 /* rc2.h */ = {isa = PBXFileReference; fileEncoding = 4; lastKnownFileType = sourcecode.c.h; path = rc2.h; sourceTree = "<group>"; };
		292453B326E0A6F00011AD44 /* dh.h */ = {isa = PBXFileReference; fileEncoding = 4; lastKnownFileType = sourcecode.c.h; path = dh.h; sourceTree = "<group>"; };
		292453B426E0A6F10011AD44 /* __DECC_INCLUDE_PROLOGUE.H */ = {isa = PBXFileReference; fileEncoding = 4; lastKnownFileType = sourcecode.cpp.h; path = __DECC_INCLUDE_PROLOGUE.H; sourceTree = "<group>"; };
		292453B526E0A6F10011AD44 /* x509v3.h */ = {isa = PBXFileReference; fileEncoding = 4; lastKnownFileType = sourcecode.c.h; path = x509v3.h; sourceTree = "<group>"; };
		292453B626E0A6F10011AD44 /* base58.h */ = {isa = PBXFileReference; fileEncoding = 4; lastKnownFileType = sourcecode.c.h; path = base58.h; sourceTree = "<group>"; };
		292453B726E0A6F10011AD44 /* conf.h */ = {isa = PBXFileReference; fileEncoding = 4; lastKnownFileType = sourcecode.c.h; path = conf.h; sourceTree = "<group>"; };
		292453B826E0A6F10011AD44 /* serpent.h */ = {isa = PBXFileReference; fileEncoding = 4; lastKnownFileType = sourcecode.c.h; path = serpent.h; sourceTree = "<group>"; };
		292453B926E0A6F10011AD44 /* hkdf.h */ = {isa = PBXFileReference; fileEncoding = 4; lastKnownFileType = sourcecode.c.h; path = hkdf.h; sourceTree = "<group>"; };
		292453BA26E0A6F10011AD44 /* gmtls.h */ = {isa = PBXFileReference; fileEncoding = 4; lastKnownFileType = sourcecode.c.h; path = gmtls.h; sourceTree = "<group>"; };
		292453BB26E0A6F10011AD44 /* __DECC_INCLUDE_EPILOGUE.H */ = {isa = PBXFileReference; fileEncoding = 4; lastKnownFileType = sourcecode.cpp.h; path = __DECC_INCLUDE_EPILOGUE.H; sourceTree = "<group>"; };
		292453BC26E0A6F10011AD44 /* zuc.h */ = {isa = PBXFileReference; fileEncoding = 4; lastKnownFileType = sourcecode.c.h; path = zuc.h; sourceTree = "<group>"; };
		292453BD26E0A6F10011AD44 /* md5.h */ = {isa = PBXFileReference; fileEncoding = 4; lastKnownFileType = sourcecode.c.h; path = md5.h; sourceTree = "<group>"; };
		292453BE26E0A6F10011AD44 /* x509_vfy.h */ = {isa = PBXFileReference; fileEncoding = 4; lastKnownFileType = sourcecode.c.h; path = x509_vfy.h; sourceTree = "<group>"; };
		292453BF26E0A6F10011AD44 /* txt_db.h */ = {isa = PBXFileReference; fileEncoding = 4; lastKnownFileType = sourcecode.c.h; path = txt_db.h; sourceTree = "<group>"; };
		292453C026E0A6F10011AD44 /* sms4.h */ = {isa = PBXFileReference; fileEncoding = 4; lastKnownFileType = sourcecode.c.h; path = sms4.h; sourceTree = "<group>"; };
		292453C126E0A6F10011AD44 /* sm2.h */ = {isa = PBXFileReference; fileEncoding = 4; lastKnownFileType = sourcecode.c.h; path = sm2.h; sourceTree = "<group>"; };
		292453C226E0A6F10011AD44 /* safestack.h */ = {isa = PBXFileReference; fileEncoding = 4; lastKnownFileType = sourcecode.c.h; path = safestack.h; sourceTree = "<group>"; };
		292453C326E0A6F10011AD44 /* paillier.h */ = {isa = PBXFileReference; fileEncoding = 4; lastKnownFileType = sourcecode.c.h; path = paillier.h; sourceTree = "<group>"; };
		292453C426E0A6F10011AD44 /* ecdsa.h */ = {isa = PBXFileReference; fileEncoding = 4; lastKnownFileType = sourcecode.c.h; path = ecdsa.h; sourceTree = "<group>"; };
		292453C526E0A6F10011AD44 /* rc5.h */ = {isa = PBXFileReference; fileEncoding = 4; lastKnownFileType = sourcecode.c.h; path = rc5.h; sourceTree = "<group>"; };
		292453C626E0A6F10011AD44 /* objects.h */ = {isa = PBXFileReference; fileEncoding = 4; lastKnownFileType = sourcecode.c.h; path = objects.h; sourceTree = "<group>"; };
		292453C726E0A6F10011AD44 /* pkcs12.h */ = {isa = PBXFileReference; fileEncoding = 4; lastKnownFileType = sourcecode.c.h; path = pkcs12.h; sourceTree = "<group>"; };
		292453C826E0A6F10011AD44 /* crypto.h */ = {isa = PBXFileReference; fileEncoding = 4; lastKnownFileType = sourcecode.c.h; path = crypto.h; sourceTree = "<group>"; };
		292453C926E0A6F10011AD44 /* fppoint.h */ = {isa = PBXFileReference; fileEncoding = 4; lastKnownFileType = sourcecode.c.h; path = fppoint.h; sourceTree = "<group>"; };
		292453CA26E0A6F10011AD44 /* opensslv.h */ = {isa = PBXFileReference; fileEncoding = 4; lastKnownFileType = sourcecode.c.h; path = opensslv.h; sourceTree = "<group>"; };
		292453CB26E0A6F10011AD44 /* pkcs7.h */ = {isa = PBXFileReference; fileEncoding = 4; lastKnownFileType = sourcecode.c.h; path = pkcs7.h; sourceTree = "<group>"; };
		292453CC26E0A6F10011AD44 /* obj_mac.h */ = {isa = PBXFileReference; fileEncoding = 4; lastKnownFileType = sourcecode.c.h; path = obj_mac.h; sourceTree = "<group>"; };
		292453CD26E0A6F10011AD44 /* ct.h */ = {isa = PBXFileReference; fileEncoding = 4; lastKnownFileType = sourcecode.c.h; path = ct.h; sourceTree = "<group>"; };
		292453CE26E0A6F10011AD44 /* bb1ibe.h */ = {isa = PBXFileReference; fileEncoding = 4; lastKnownFileType = sourcecode.c.h; path = bb1ibe.h; sourceTree = "<group>"; };
		292453CF26E0A6F10011AD44 /* skf.h */ = {isa = PBXFileReference; fileEncoding = 4; lastKnownFileType = sourcecode.c.h; path = skf.h; sourceTree = "<group>"; };
		292453D026E0A6F10011AD44 /* async.h */ = {isa = PBXFileReference; fileEncoding = 4; lastKnownFileType = sourcecode.c.h; path = async.h; sourceTree = "<group>"; };
		292453D126E0A6F10011AD44 /* buffer.h */ = {isa = PBXFileReference; fileEncoding = 4; lastKnownFileType = sourcecode.c.h; path = buffer.h; sourceTree = "<group>"; };
		292453D226E0A6F10011AD44 /* ssl.h */ = {isa = PBXFileReference; fileEncoding = 4; lastKnownFileType = sourcecode.c.h; path = ssl.h; sourceTree = "<group>"; };
		292453D326E0A6F10011AD44 /* srp.h */ = {isa = PBXFileReference; fileEncoding = 4; lastKnownFileType = sourcecode.c.h; path = srp.h; sourceTree = "<group>"; };
		292453D426E0A6F10011AD44 /* sgd.h */ = {isa = PBXFileReference; fileEncoding = 4; lastKnownFileType = sourcecode.c.h; path = sgd.h; sourceTree = "<group>"; };
		292453D526E0A6F10011AD44 /* camellia.h */ = {isa = PBXFileReference; fileEncoding = 4; lastKnownFileType = sourcecode.c.h; path = camellia.h; sourceTree = "<group>"; };
		292453D626E0A6F10011AD44 /* opensslconf.h.in */ = {isa = PBXFileReference; fileEncoding = 4; lastKnownFileType = text; path = opensslconf.h.in; sourceTree = "<group>"; };
		292453D726E0A6F10011AD44 /* ffx.h */ = {isa = PBXFileReference; fileEncoding = 4; lastKnownFileType = sourcecode.c.h; path = ffx.h; sourceTree = "<group>"; };
		292453D826E0A6F10011AD44 /* evp.h */ = {isa = PBXFileReference; fileEncoding = 4; lastKnownFileType = sourcecode.c.h; path = evp.h; sourceTree = "<group>"; };
		292453D926E0A6F10011AD44 /* bn_solinas.h */ = {isa = PBXFileReference; fileEncoding = 4; lastKnownFileType = sourcecode.c.h; path = bn_solinas.h; sourceTree = "<group>"; };
		292453DA26E0A6F10011AD44 /* otp.h */ = {isa = PBXFileReference; fileEncoding = 4; lastKnownFileType = sourcecode.c.h; path = otp.h; sourceTree = "<group>"; };
		292453DB26E0A6F10011AD44 /* e_os2.h */ = {isa = PBXFileReference; fileEncoding = 4; lastKnownFileType = sourcecode.c.h; path = e_os2.h; sourceTree = "<group>"; };
		292453DC26E0A6F10011AD44 /* md4.h */ = {isa = PBXFileReference; fileEncoding = 4; lastKnownFileType = sourcecode.c.h; path = md4.h; sourceTree = "<group>"; };
		292453DD26E0A6F10011AD44 /* sof.h */ = {isa = PBXFileReference; fileEncoding = 4; lastKnownFileType = sourcecode.c.h; path = sof.h; sourceTree = "<group>"; };
		292453DE26E0A6F10011AD44 /* hmac.h */ = {isa = PBXFileReference; fileEncoding = 4; lastKnownFileType = sourcecode.c.h; path = hmac.h; sourceTree = "<group>"; };
		292453DF26E0A6F10011AD44 /* gmsdf.h */ = {isa = PBXFileReference; fileEncoding = 4; lastKnownFileType = sourcecode.c.h; path = gmsdf.h; sourceTree = "<group>"; };
		292453E026E0A6F10011AD44 /* aes.h */ = {isa = PBXFileReference; fileEncoding = 4; lastKnownFileType = sourcecode.c.h; path = aes.h; sourceTree = "<group>"; };
		292453E126E0A6F10011AD44 /* comp.h */ = {isa = PBXFileReference; fileEncoding = 4; lastKnownFileType = sourcecode.c.h; path = comp.h; sourceTree = "<group>"; };
		292453E226E0A6F10011AD44 /* sm9.h */ = {isa = PBXFileReference; fileEncoding = 4; lastKnownFileType = sourcecode.c.h; path = sm9.h; sourceTree = "<group>"; };
		292453E326E0A6F10011AD44 /* cast.h */ = {isa = PBXFileReference; fileEncoding = 4; lastKnownFileType = sourcecode.c.h; path = cast.h; sourceTree = "<group>"; };
		292453E426E0A6F10011AD44 /* sm3.h */ = {isa = PBXFileReference; fileEncoding = 4; lastKnownFileType = sourcecode.c.h; path = sm3.h; sourceTree = "<group>"; };
		292453E526E0A6F10011AD44 /* ssf33.h */ = {isa = PBXFileReference; fileEncoding = 4; lastKnownFileType = sourcecode.c.h; path = ssf33.h; sourceTree = "<group>"; };
		292453E626E0A6F10011AD44 /* rc4.h */ = {isa = PBXFileReference; fileEncoding = 4; lastKnownFileType = sourcecode.c.h; path = rc4.h; sourceTree = "<group>"; };
		292453E726E0A6F10011AD44 /* kdf2.h */ = {isa = PBXFileReference; fileEncoding = 4; lastKnownFileType = sourcecode.c.h; path = kdf2.h; sourceTree = "<group>"; };
		292453E826E0A6F10011AD44 /* stack.h */ = {isa = PBXFileReference; fileEncoding = 4; lastKnownFileType = sourcecode.c.h; path = stack.h; sourceTree = "<group>"; };
		292453E926E0A6F10011AD44 /* des.h */ = {isa = PBXFileReference; fileEncoding = 4; lastKnownFileType = sourcecode.c.h; path = des.h; sourceTree = "<group>"; };
		292453EA26E0A6F10011AD44 /* ocsp.h */ = {isa = PBXFileReference; fileEncoding = 4; lastKnownFileType = sourcecode.c.h; path = ocsp.h; sourceTree = "<group>"; };
		292453EB26E0A6F10011AD44 /* ec.h */ = {isa = PBXFileReference; fileEncoding = 4; lastKnownFileType = sourcecode.c.h; path = ec.h; sourceTree = "<group>"; };
		292453EC26E0A6F10011AD44 /* gmsaf.h */ = {isa = PBXFileReference; fileEncoding = 4; lastKnownFileType = sourcecode.c.h; path = gmsaf.h; sourceTree = "<group>"; };
		292453ED26E0A6F10011AD44 /* ecdh.h */ = {isa = PBXFileReference; fileEncoding = 4; lastKnownFileType = sourcecode.c.h; path = ecdh.h; sourceTree = "<group>"; };
		292453EE26E0A6F10011AD44 /* rand.h */ = {isa = PBXFileReference; fileEncoding = 4; lastKnownFileType = sourcecode.c.h; path = rand.h; sourceTree = "<group>"; };
		292453EF26E0A6F10011AD44 /* ts.h */ = {isa = PBXFileReference; fileEncoding = 4; lastKnownFileType = sourcecode.c.h; path = ts.h; sourceTree = "<group>"; };
		292453F026E0A6F10011AD44 /* saf.h */ = {isa = PBXFileReference; fileEncoding = 4; lastKnownFileType = sourcecode.c.h; path = saf.h; sourceTree = "<group>"; };
		292453F126E0A6F10011AD44 /* pem3.h */ = {isa = PBXFileReference; fileEncoding = 4; lastKnownFileType = sourcecode.c.h; path = pem3.h; sourceTree = "<group>"; };
		292453F226E0A6F10011AD44 /* seed.h */ = {isa = PBXFileReference; fileEncoding = 4; lastKnownFileType = sourcecode.c.h; path = seed.h; sourceTree = "<group>"; };
		292453F326E0A6F10011AD44 /* modes.h */ = {isa = PBXFileReference; fileEncoding = 4; lastKnownFileType = sourcecode.c.h; path = modes.h; sourceTree = "<group>"; };
		292453F426E0A6F10011AD44 /* ssl2.h */ = {isa = PBXFileReference; fileEncoding = 4; lastKnownFileType = sourcecode.c.h; path = ssl2.h; sourceTree = "<group>"; };
		292453F526E0A6F10011AD44 /* rsa.h */ = {isa = PBXFileReference; fileEncoding = 4; lastKnownFileType = sourcecode.c.h; path = rsa.h; sourceTree = "<group>"; };
		292453F626E0A6F10011AD44 /* ripemd.h */ = {isa = PBXFileReference; fileEncoding = 4; lastKnownFileType = sourcecode.c.h; path = ripemd.h; sourceTree = "<group>"; };
		292453F726E0A6F10011AD44 /* whrlpool.h */ = {isa = PBXFileReference; fileEncoding = 4; lastKnownFileType = sourcecode.c.h; path = whrlpool.h; sourceTree = "<group>"; };
		292453F826E0A6F10011AD44 /* tls1.h */ = {isa = PBXFileReference; fileEncoding = 4; lastKnownFileType = sourcecode.c.h; path = tls1.h; sourceTree = "<group>"; };
		292453F926E0A6F10011AD44 /* mdc2.h */ = {isa = PBXFileReference; fileEncoding = 4; lastKnownFileType = sourcecode.c.h; path = mdc2.h; sourceTree = "<group>"; };
		292453FA26E0A6F10011AD44 /* dsa.h */ = {isa = PBXFileReference; fileEncoding = 4; lastKnownFileType = sourcecode.c.h; path = dsa.h; sourceTree = "<group>"; };
		292453FB26E0A6F10011AD44 /* srtp.h */ = {isa = PBXFileReference; fileEncoding = 4; lastKnownFileType = sourcecode.c.h; path = srtp.h; sourceTree = "<group>"; };
		292453FC26E0A6F10011AD44 /* sdf.h */ = {isa = PBXFileReference; fileEncoding = 4; lastKnownFileType = sourcecode.c.h; path = sdf.h; sourceTree = "<group>"; };
		292453FD26E0A6F10011AD44 /* asn1t.h */ = {isa = PBXFileReference; fileEncoding = 4; lastKnownFileType = sourcecode.c.h; path = asn1t.h; sourceTree = "<group>"; };
		292453FE26E0A6F10011AD44 /* gmsof.h */ = {isa = PBXFileReference; fileEncoding = 4; lastKnownFileType = sourcecode.c.h; path = gmsof.h; sourceTree = "<group>"; };
		292453FF26E0A6F10011AD44 /* bn_gfp2.h */ = {isa = PBXFileReference; fileEncoding = 4; lastKnownFileType = sourcecode.c.h; path = bn_gfp2.h; sourceTree = "<group>"; };
		2924540026E0A6F10011AD44 /* ecies.h */ = {isa = PBXFileReference; fileEncoding = 4; lastKnownFileType = sourcecode.c.h; path = ecies.h; sourceTree = "<group>"; };
		2924540126E0A6F10011AD44 /* cmac.h */ = {isa = PBXFileReference; fileEncoding = 4; lastKnownFileType = sourcecode.c.h; path = cmac.h; sourceTree = "<group>"; };
		2924540226E0A6F10011AD44 /* ebcdic.h */ = {isa = PBXFileReference; fileEncoding = 4; lastKnownFileType = sourcecode.c.h; path = ebcdic.h; sourceTree = "<group>"; };
		2924540326E0A6F10011AD44 /* gmskf.h */ = {isa = PBXFileReference; fileEncoding = 4; lastKnownFileType = sourcecode.c.h; path = gmskf.h; sourceTree = "<group>"; };
		2924540426E0A6F10011AD44 /* bfibe.h */ = {isa = PBXFileReference; fileEncoding = 4; lastKnownFileType = sourcecode.c.h; path = bfibe.h; sourceTree = "<group>"; };
		2924540526E0A6F10011AD44 /* gmapi.h */ = {isa = PBXFileReference; fileEncoding = 4; lastKnownFileType = sourcecode.c.h; path = gmapi.h; sourceTree = "<group>"; };
		2924540626E0A6F10011AD44 /* bn_hash.h */ = {isa = PBXFileReference; fileEncoding = 4; lastKnownFileType = sourcecode.c.h; path = bn_hash.h; sourceTree = "<group>"; };
		2924540726E0A6F10011AD44 /* ec_hash.h */ = {isa = PBXFileReference; fileEncoding = 4; lastKnownFileType = sourcecode.c.h; path = ec_hash.h; sourceTree = "<group>"; };
		2924540826E0A6F10011AD44 /* idea.h */ = {isa = PBXFileReference; fileEncoding = 4; lastKnownFileType = sourcecode.c.h; path = idea.h; sourceTree = "<group>"; };
		2924540926E0A6F10011AD44 /* lhash.h */ = {isa = PBXFileReference; fileEncoding = 4; lastKnownFileType = sourcecode.c.h; path = lhash.h; sourceTree = "<group>"; };
		2924540D26E0A6F50011AD44 /* sm2oc.m */ = {isa = PBXFileReference; fileEncoding = 4; lastKnownFileType = sourcecode.c.objc; path = sm2oc.m; sourceTree = "<group>"; };
		2924540E26E0A6F50011AD44 /* e_os.h */ = {isa = PBXFileReference; fileEncoding = 4; lastKnownFileType = sourcecode.c.h; path = e_os.h; sourceTree = "<group>"; };
		2924540F26E0A6F50011AD44 /* sm2_lcl.h */ = {isa = PBXFileReference; fileEncoding = 4; lastKnownFileType = sourcecode.c.h; path = sm2_lcl.h; sourceTree = "<group>"; };
		2924541026E0A6F50011AD44 /* sm4.m */ = {isa = PBXFileReference; fileEncoding = 4; lastKnownFileType = sourcecode.c.objc; path = sm4.m; sourceTree = "<group>"; };
		2924541126E0A6F50011AD44 /* sm2oc.h */ = {isa = PBXFileReference; fileEncoding = 4; lastKnownFileType = sourcecode.c.h; path = sm2oc.h; sourceTree = "<group>"; };
		2924541226E0A6F50011AD44 /* sm4.h */ = {isa = PBXFileReference; fileEncoding = 4; lastKnownFileType = sourcecode.c.h; path = sm4.h; sourceTree = "<group>"; };
		2924541E26E0A7CC0011AD44 /* TestDyLib.framework */ = {isa = PBXFileReference; explicitFileType = wrapper.framework; includeInIndex = 0; path = TestDyLib.framework; sourceTree = BUILT_PRODUCTS_DIR; };
		2924542026E0A7CC0011AD44 /* TestDyLib.h */ = {isa = PBXFileReference; lastKnownFileType = sourcecode.c.h; path = TestDyLib.h; sourceTree = "<group>"; };
		2924542126E0A7CC0011AD44 /* Info.plist */ = {isa = PBXFileReference; lastKnownFileType = text.plist.xml; path = Info.plist; sourceTree = "<group>"; };
		2924542E26E0A8050011AD44 /* sm2oc.m */ = {isa = PBXFileReference; fileEncoding = 4; lastKnownFileType = sourcecode.c.objc; path = sm2oc.m; sourceTree = "<group>"; };
		2924542F26E0A8050011AD44 /* e_os.h */ = {isa = PBXFileReference; fileEncoding = 4; lastKnownFileType = sourcecode.c.h; path = e_os.h; sourceTree = "<group>"; };
		2924543026E0A8050011AD44 /* sm2_lcl.h */ = {isa = PBXFileReference; fileEncoding = 4; lastKnownFileType = sourcecode.c.h; path = sm2_lcl.h; sourceTree = "<group>"; };
		2924543126E0A8050011AD44 /* sm4.m */ = {isa = PBXFileReference; fileEncoding = 4; lastKnownFileType = sourcecode.c.objc; path = sm4.m; sourceTree = "<group>"; };
		2924543226E0A8050011AD44 /* sm2oc.h */ = {isa = PBXFileReference; fileEncoding = 4; lastKnownFileType = sourcecode.c.h; path = sm2oc.h; sourceTree = "<group>"; };
		2924543326E0A8050011AD44 /* sm4.h */ = {isa = PBXFileReference; fileEncoding = 4; lastKnownFileType = sourcecode.c.h; path = sm4.h; sourceTree = "<group>"; };
		2924543426E0A8050011AD44 /* libcrypto.a */ = {isa = PBXFileReference; lastKnownFileType = archive.ar; path = libcrypto.a; sourceTree = "<group>"; };
		2924543626E0A8050011AD44 /* pem2.h */ = {isa = PBXFileReference; fileEncoding = 4; lastKnownFileType = sourcecode.c.h; path = pem2.h; sourceTree = "<group>"; };
		2924543726E0A8050011AD44 /* kdf.h */ = {isa = PBXFileReference; fileEncoding = 4; lastKnownFileType = sourcecode.c.h; path = kdf.h; sourceTree = "<group>"; };
		2924543826E0A8050011AD44 /* pem.h */ = {isa = PBXFileReference; fileEncoding = 4; lastKnownFileType = sourcecode.c.h; path = pem.h; sourceTree = "<group>"; };
		2924543926E0A8050011AD44 /* md2.h */ = {isa = PBXFileReference; fileEncoding = 4; lastKnownFileType = sourcecode.c.h; path = md2.h; sourceTree = "<group>"; };
		2924543A26E0A8050011AD44 /* ssl3.h */ = {isa = PBXFileReference; fileEncoding = 4; lastKnownFileType = sourcecode.c.h; path = ssl3.h; sourceTree = "<group>"; };
		2924543B26E0A8050011AD44 /* ossl_typ.h */ = {isa = PBXFileReference; fileEncoding = 4; lastKnownFileType = sourcecode.c.h; path = ossl_typ.h; sourceTree = "<group>"; };
		2924543C26E0A8050011AD44 /* dtls1.h */ = {isa = PBXFileReference; fileEncoding = 4; lastKnownFileType = sourcecode.c.h; path = dtls1.h; sourceTree = "<group>"; };
		2924543D26E0A8050011AD44 /* speck.h */ = {isa = PBXFileReference; fileEncoding = 4; lastKnownFileType = sourcecode.c.h; path = speck.h; sourceTree = "<group>"; };
		2924543E26E0A8050011AD44 /* err.h */ = {isa = PBXFileReference; fileEncoding = 4; lastKnownFileType = sourcecode.c.h; path = err.h; sourceTree = "<group>"; };
		2924543F26E0A8050011AD44 /* bn.h */ = {isa = PBXFileReference; fileEncoding = 4; lastKnownFileType = sourcecode.c.h; path = bn.h; sourceTree = "<group>"; };
		2924544026E0A8050011AD44 /* ec_type1.h */ = {isa = PBXFileReference; fileEncoding = 4; lastKnownFileType = sourcecode.c.h; path = ec_type1.h; sourceTree = "<group>"; };
		2924544126E0A8050011AD44 /* cpk.h */ = {isa = PBXFileReference; fileEncoding = 4; lastKnownFileType = sourcecode.c.h; path = cpk.h; sourceTree = "<group>"; };
		2924544226E0A8050011AD44 /* blowfish.h */ = {isa = PBXFileReference; fileEncoding = 4; lastKnownFileType = sourcecode.c.h; path = blowfish.h; sourceTree = "<group>"; };
		2924544326E0A8050011AD44 /* cms.h */ = {isa = PBXFileReference; fileEncoding = 4; lastKnownFileType = sourcecode.c.h; path = cms.h; sourceTree = "<group>"; };
		2924544426E0A8050011AD44 /* engine.h */ = {isa = PBXFileReference; fileEncoding = 4; lastKnownFileType = sourcecode.c.h; path = engine.h; sourceTree = "<group>"; };
		2924544526E0A8050011AD44 /* conf_api.h */ = {isa = PBXFileReference; fileEncoding = 4; lastKnownFileType = sourcecode.c.h; path = conf_api.h; sourceTree = "<group>"; };
		2924544626E0A8050011AD44 /* x509.h */ = {isa = PBXFileReference; fileEncoding = 4; lastKnownFileType = sourcecode.c.h; path = x509.h; sourceTree = "<group>"; };
		2924544726E0A8050011AD44 /* asn1_mac.h */ = {isa = PBXFileReference; fileEncoding = 4; lastKnownFileType = sourcecode.c.h; path = asn1_mac.h; sourceTree = "<group>"; };
		2924544826E0A8050011AD44 /* sm1.h */ = {isa = PBXFileReference; fileEncoding = 4; lastKnownFileType = sourcecode.c.h; path = sm1.h; sourceTree = "<group>"; };
		2924544926E0A8050011AD44 /* ui.h */ = {isa = PBXFileReference; fileEncoding = 4; lastKnownFileType = sourcecode.c.h; path = ui.h; sourceTree = "<group>"; };
		2924544A26E0A8050011AD44 /* sha.h */ = {isa = PBXFileReference; fileEncoding = 4; lastKnownFileType = sourcecode.c.h; path = sha.h; sourceTree = "<group>"; };
		2924544B26E0A8050011AD44 /* symhacks.h */ = {isa = PBXFileReference; fileEncoding = 4; lastKnownFileType = sourcecode.c.h; path = symhacks.h; sourceTree = "<group>"; };
		2924544C26E0A8050011AD44 /* asn1.h */ = {isa = PBXFileReference; fileEncoding = 4; lastKnownFileType = sourcecode.c.h; path = asn1.h; sourceTree = "<group>"; };
		2924544D26E0A8050011AD44 /* opensslconf.h */ = {isa = PBXFileReference; fileEncoding = 4; lastKnownFileType = sourcecode.c.h; path = opensslconf.h; sourceTree = "<group>"; };
		2924544E26E0A8050011AD44 /* bio.h */ = {isa = PBXFileReference; fileEncoding = 4; lastKnownFileType = sourcecode.c.h; path = bio.h; sourceTree = "<group>"; };
		2924544F26E0A8050011AD44 /* rc2.h */ = {isa = PBXFileReference; fileEncoding = 4; lastKnownFileType = sourcecode.c.h; path = rc2.h; sourceTree = "<group>"; };
		2924545026E0A8050011AD44 /* dh.h */ = {isa = PBXFileReference; fileEncoding = 4; lastKnownFileType = sourcecode.c.h; path = dh.h; sourceTree = "<group>"; };
		2924545126E0A8050011AD44 /* __DECC_INCLUDE_PROLOGUE.H */ = {isa = PBXFileReference; fileEncoding = 4; lastKnownFileType = sourcecode.cpp.h; path = __DECC_INCLUDE_PROLOGUE.H; sourceTree = "<group>"; };
		2924545226E0A8050011AD44 /* x509v3.h */ = {isa = PBXFileReference; fileEncoding = 4; lastKnownFileType = sourcecode.c.h; path = x509v3.h; sourceTree = "<group>"; };
		2924545326E0A8050011AD44 /* base58.h */ = {isa = PBXFileReference; fileEncoding = 4; lastKnownFileType = sourcecode.c.h; path = base58.h; sourceTree = "<group>"; };
		2924545426E0A8050011AD44 /* conf.h */ = {isa = PBXFileReference; fileEncoding = 4; lastKnownFileType = sourcecode.c.h; path = conf.h; sourceTree = "<group>"; };
		2924545526E0A8050011AD44 /* serpent.h */ = {isa = PBXFileReference; fileEncoding = 4; lastKnownFileType = sourcecode.c.h; path = serpent.h; sourceTree = "<group>"; };
		2924545626E0A8050011AD44 /* hkdf.h */ = {isa = PBXFileReference; fileEncoding = 4; lastKnownFileType = sourcecode.c.h; path = hkdf.h; sourceTree = "<group>"; };
		2924545726E0A8050011AD44 /* gmtls.h */ = {isa = PBXFileReference; fileEncoding = 4; lastKnownFileType = sourcecode.c.h; path = gmtls.h; sourceTree = "<group>"; };
		2924545826E0A8050011AD44 /* __DECC_INCLUDE_EPILOGUE.H */ = {isa = PBXFileReference; fileEncoding = 4; lastKnownFileType = sourcecode.cpp.h; path = __DECC_INCLUDE_EPILOGUE.H; sourceTree = "<group>"; };
		2924545926E0A8050011AD44 /* zuc.h */ = {isa = PBXFileReference; fileEncoding = 4; lastKnownFileType = sourcecode.c.h; path = zuc.h; sourceTree = "<group>"; };
		2924545A26E0A8050011AD44 /* md5.h */ = {isa = PBXFileReference; fileEncoding = 4; lastKnownFileType = sourcecode.c.h; path = md5.h; sourceTree = "<group>"; };
		2924545B26E0A8050011AD44 /* x509_vfy.h */ = {isa = PBXFileReference; fileEncoding = 4; lastKnownFileType = sourcecode.c.h; path = x509_vfy.h; sourceTree = "<group>"; };
		2924545C26E0A8050011AD44 /* txt_db.h */ = {isa = PBXFileReference; fileEncoding = 4; lastKnownFileType = sourcecode.c.h; path = txt_db.h; sourceTree = "<group>"; };
		2924545D26E0A8050011AD44 /* sms4.h */ = {isa = PBXFileReference; fileEncoding = 4; lastKnownFileType = sourcecode.c.h; path = sms4.h; sourceTree = "<group>"; };
		2924545E26E0A8050011AD44 /* sm2.h */ = {isa = PBXFileReference; fileEncoding = 4; lastKnownFileType = sourcecode.c.h; path = sm2.h; sourceTree = "<group>"; };
		2924545F26E0A8050011AD44 /* safestack.h */ = {isa = PBXFileReference; fileEncoding = 4; lastKnownFileType = sourcecode.c.h; path = safestack.h; sourceTree = "<group>"; };
		2924546026E0A8050011AD44 /* paillier.h */ = {isa = PBXFileReference; fileEncoding = 4; lastKnownFileType = sourcecode.c.h; path = paillier.h; sourceTree = "<group>"; };
		2924546126E0A8050011AD44 /* ecdsa.h */ = {isa = PBXFileReference; fileEncoding = 4; lastKnownFileType = sourcecode.c.h; path = ecdsa.h; sourceTree = "<group>"; };
		2924546226E0A8050011AD44 /* rc5.h */ = {isa = PBXFileReference; fileEncoding = 4; lastKnownFileType = sourcecode.c.h; path = rc5.h; sourceTree = "<group>"; };
		2924546326E0A8050011AD44 /* objects.h */ = {isa = PBXFileReference; fileEncoding = 4; lastKnownFileType = sourcecode.c.h; path = objects.h; sourceTree = "<group>"; };
		2924546426E0A8050011AD44 /* pkcs12.h */ = {isa = PBXFileReference; fileEncoding = 4; lastKnownFileType = sourcecode.c.h; path = pkcs12.h; sourceTree = "<group>"; };
		2924546526E0A8050011AD44 /* crypto.h */ = {isa = PBXFileReference; fileEncoding = 4; lastKnownFileType = sourcecode.c.h; path = crypto.h; sourceTree = "<group>"; };
		2924546626E0A8050011AD44 /* fppoint.h */ = {isa = PBXFileReference; fileEncoding = 4; lastKnownFileType = sourcecode.c.h; path = fppoint.h; sourceTree = "<group>"; };
		2924546726E0A8050011AD44 /* opensslv.h */ = {isa = PBXFileReference; fileEncoding = 4; lastKnownFileType = sourcecode.c.h; path = opensslv.h; sourceTree = "<group>"; };
		2924546826E0A8050011AD44 /* pkcs7.h */ = {isa = PBXFileReference; fileEncoding = 4; lastKnownFileType = sourcecode.c.h; path = pkcs7.h; sourceTree = "<group>"; };
		2924546926E0A8050011AD44 /* obj_mac.h */ = {isa = PBXFileReference; fileEncoding = 4; lastKnownFileType = sourcecode.c.h; path = obj_mac.h; sourceTree = "<group>"; };
		2924546A26E0A8050011AD44 /* ct.h */ = {isa = PBXFileReference; fileEncoding = 4; lastKnownFileType = sourcecode.c.h; path = ct.h; sourceTree = "<group>"; };
		2924546B26E0A8050011AD44 /* bb1ibe.h */ = {isa = PBXFileReference; fileEncoding = 4; lastKnownFileType = sourcecode.c.h; path = bb1ibe.h; sourceTree = "<group>"; };
		2924546C26E0A8050011AD44 /* skf.h */ = {isa = PBXFileReference; fileEncoding = 4; lastKnownFileType = sourcecode.c.h; path = skf.h; sourceTree = "<group>"; };
		2924546D26E0A8050011AD44 /* async.h */ = {isa = PBXFileReference; fileEncoding = 4; lastKnownFileType = sourcecode.c.h; path = async.h; sourceTree = "<group>"; };
		2924546E26E0A8050011AD44 /* buffer.h */ = {isa = PBXFileReference; fileEncoding = 4; lastKnownFileType = sourcecode.c.h; path = buffer.h; sourceTree = "<group>"; };
		2924546F26E0A8050011AD44 /* ssl.h */ = {isa = PBXFileReference; fileEncoding = 4; lastKnownFileType = sourcecode.c.h; path = ssl.h; sourceTree = "<group>"; };
		2924547026E0A8050011AD44 /* srp.h */ = {isa = PBXFileReference; fileEncoding = 4; lastKnownFileType = sourcecode.c.h; path = srp.h; sourceTree = "<group>"; };
		2924547126E0A8050011AD44 /* sgd.h */ = {isa = PBXFileReference; fileEncoding = 4; lastKnownFileType = sourcecode.c.h; path = sgd.h; sourceTree = "<group>"; };
		2924547226E0A8050011AD44 /* camellia.h */ = {isa = PBXFileReference; fileEncoding = 4; lastKnownFileType = sourcecode.c.h; path = camellia.h; sourceTree = "<group>"; };
		2924547326E0A8050011AD44 /* opensslconf.h.in */ = {isa = PBXFileReference; fileEncoding = 4; lastKnownFileType = text; path = opensslconf.h.in; sourceTree = "<group>"; };
		2924547426E0A8050011AD44 /* ffx.h */ = {isa = PBXFileReference; fileEncoding = 4; lastKnownFileType = sourcecode.c.h; path = ffx.h; sourceTree = "<group>"; };
		2924547526E0A8050011AD44 /* evp.h */ = {isa = PBXFileReference; fileEncoding = 4; lastKnownFileType = sourcecode.c.h; path = evp.h; sourceTree = "<group>"; };
		2924547626E0A8050011AD44 /* bn_solinas.h */ = {isa = PBXFileReference; fileEncoding = 4; lastKnownFileType = sourcecode.c.h; path = bn_solinas.h; sourceTree = "<group>"; };
		2924547726E0A8050011AD44 /* otp.h */ = {isa = PBXFileReference; fileEncoding = 4; lastKnownFileType = sourcecode.c.h; path = otp.h; sourceTree = "<group>"; };
		2924547826E0A8050011AD44 /* e_os2.h */ = {isa = PBXFileReference; fileEncoding = 4; lastKnownFileType = sourcecode.c.h; path = e_os2.h; sourceTree = "<group>"; };
		2924547926E0A8050011AD44 /* md4.h */ = {isa = PBXFileReference; fileEncoding = 4; lastKnownFileType = sourcecode.c.h; path = md4.h; sourceTree = "<group>"; };
		2924547A26E0A8050011AD44 /* sof.h */ = {isa = PBXFileReference; fileEncoding = 4; lastKnownFileType = sourcecode.c.h; path = sof.h; sourceTree = "<group>"; };
		2924547B26E0A8050011AD44 /* hmac.h */ = {isa = PBXFileReference; fileEncoding = 4; lastKnownFileType = sourcecode.c.h; path = hmac.h; sourceTree = "<group>"; };
		2924547C26E0A8050011AD44 /* gmsdf.h */ = {isa = PBXFileReference; fileEncoding = 4; lastKnownFileType = sourcecode.c.h; path = gmsdf.h; sourceTree = "<group>"; };
		2924547D26E0A8050011AD44 /* aes.h */ = {isa = PBXFileReference; fileEncoding = 4; lastKnownFileType = sourcecode.c.h; path = aes.h; sourceTree = "<group>"; };
		2924547E26E0A8050011AD44 /* comp.h */ = {isa = PBXFileReference; fileEncoding = 4; lastKnownFileType = sourcecode.c.h; path = comp.h; sourceTree = "<group>"; };
		2924547F26E0A8050011AD44 /* sm9.h */ = {isa = PBXFileReference; fileEncoding = 4; lastKnownFileType = sourcecode.c.h; path = sm9.h; sourceTree = "<group>"; };
		2924548026E0A8050011AD44 /* cast.h */ = {isa = PBXFileReference; fileEncoding = 4; lastKnownFileType = sourcecode.c.h; path = cast.h; sourceTree = "<group>"; };
		2924548126E0A8050011AD44 /* sm3.h */ = {isa = PBXFileReference; fileEncoding = 4; lastKnownFileType = sourcecode.c.h; path = sm3.h; sourceTree = "<group>"; };
		2924548226E0A8050011AD44 /* ssf33.h */ = {isa = PBXFileReference; fileEncoding = 4; lastKnownFileType = sourcecode.c.h; path = ssf33.h; sourceTree = "<group>"; };
		2924548326E0A8050011AD44 /* rc4.h */ = {isa = PBXFileReference; fileEncoding = 4; lastKnownFileType = sourcecode.c.h; path = rc4.h; sourceTree = "<group>"; };
		2924548426E0A8050011AD44 /* kdf2.h */ = {isa = PBXFileReference; fileEncoding = 4; lastKnownFileType = sourcecode.c.h; path = kdf2.h; sourceTree = "<group>"; };
		2924548526E0A8050011AD44 /* stack.h */ = {isa = PBXFileReference; fileEncoding = 4; lastKnownFileType = sourcecode.c.h; path = stack.h; sourceTree = "<group>"; };
		2924548626E0A8050011AD44 /* des.h */ = {isa = PBXFileReference; fileEncoding = 4; lastKnownFileType = sourcecode.c.h; path = des.h; sourceTree = "<group>"; };
		2924548726E0A8050011AD44 /* ocsp.h */ = {isa = PBXFileReference; fileEncoding = 4; lastKnownFileType = sourcecode.c.h; path = ocsp.h; sourceTree = "<group>"; };
		2924548826E0A8050011AD44 /* ec.h */ = {isa = PBXFileReference; fileEncoding = 4; lastKnownFileType = sourcecode.c.h; path = ec.h; sourceTree = "<group>"; };
		2924548926E0A8050011AD44 /* gmsaf.h */ = {isa = PBXFileReference; fileEncoding = 4; lastKnownFileType = sourcecode.c.h; path = gmsaf.h; sourceTree = "<group>"; };
		2924548A26E0A8050011AD44 /* ecdh.h */ = {isa = PBXFileReference; fileEncoding = 4; lastKnownFileType = sourcecode.c.h; path = ecdh.h; sourceTree = "<group>"; };
		2924548B26E0A8050011AD44 /* rand.h */ = {isa = PBXFileReference; fileEncoding = 4; lastKnownFileType = sourcecode.c.h; path = rand.h; sourceTree = "<group>"; };
		2924548C26E0A8050011AD44 /* ts.h */ = {isa = PBXFileReference; fileEncoding = 4; lastKnownFileType = sourcecode.c.h; path = ts.h; sourceTree = "<group>"; };
		2924548D26E0A8050011AD44 /* saf.h */ = {isa = PBXFileReference; fileEncoding = 4; lastKnownFileType = sourcecode.c.h; path = saf.h; sourceTree = "<group>"; };
		2924548E26E0A8050011AD44 /* pem3.h */ = {isa = PBXFileReference; fileEncoding = 4; lastKnownFileType = sourcecode.c.h; path = pem3.h; sourceTree = "<group>"; };
		2924548F26E0A8050011AD44 /* seed.h */ = {isa = PBXFileReference; fileEncoding = 4; lastKnownFileType = sourcecode.c.h; path = seed.h; sourceTree = "<group>"; };
		2924549026E0A8050011AD44 /* modes.h */ = {isa = PBXFileReference; fileEncoding = 4; lastKnownFileType = sourcecode.c.h; path = modes.h; sourceTree = "<group>"; };
		2924549126E0A8050011AD44 /* ssl2.h */ = {isa = PBXFileReference; fileEncoding = 4; lastKnownFileType = sourcecode.c.h; path = ssl2.h; sourceTree = "<group>"; };
		2924549226E0A8050011AD44 /* rsa.h */ = {isa = PBXFileReference; fileEncoding = 4; lastKnownFileType = sourcecode.c.h; path = rsa.h; sourceTree = "<group>"; };
		2924549326E0A8050011AD44 /* ripemd.h */ = {isa = PBXFileReference; fileEncoding = 4; lastKnownFileType = sourcecode.c.h; path = ripemd.h; sourceTree = "<group>"; };
		2924549426E0A8050011AD44 /* whrlpool.h */ = {isa = PBXFileReference; fileEncoding = 4; lastKnownFileType = sourcecode.c.h; path = whrlpool.h; sourceTree = "<group>"; };
		2924549526E0A8050011AD44 /* tls1.h */ = {isa = PBXFileReference; fileEncoding = 4; lastKnownFileType = sourcecode.c.h; path = tls1.h; sourceTree = "<group>"; };
		2924549626E0A8050011AD44 /* mdc2.h */ = {isa = PBXFileReference; fileEncoding = 4; lastKnownFileType = sourcecode.c.h; path = mdc2.h; sourceTree = "<group>"; };
		2924549726E0A8050011AD44 /* dsa.h */ = {isa = PBXFileReference; fileEncoding = 4; lastKnownFileType = sourcecode.c.h; path = dsa.h; sourceTree = "<group>"; };
		2924549826E0A8050011AD44 /* srtp.h */ = {isa = PBXFileReference; fileEncoding = 4; lastKnownFileType = sourcecode.c.h; path = srtp.h; sourceTree = "<group>"; };
		2924549926E0A8050011AD44 /* sdf.h */ = {isa = PBXFileReference; fileEncoding = 4; lastKnownFileType = sourcecode.c.h; path = sdf.h; sourceTree = "<group>"; };
		2924549A26E0A8050011AD44 /* asn1t.h */ = {isa = PBXFileReference; fileEncoding = 4; lastKnownFileType = sourcecode.c.h; path = asn1t.h; sourceTree = "<group>"; };
		2924549B26E0A8050011AD44 /* gmsof.h */ = {isa = PBXFileReference; fileEncoding = 4; lastKnownFileType = sourcecode.c.h; path = gmsof.h; sourceTree = "<group>"; };
		2924549C26E0A8050011AD44 /* bn_gfp2.h */ = {isa = PBXFileReference; fileEncoding = 4; lastKnownFileType = sourcecode.c.h; path = bn_gfp2.h; sourceTree = "<group>"; };
		2924549D26E0A8050011AD44 /* ecies.h */ = {isa = PBXFileReference; fileEncoding = 4; lastKnownFileType = sourcecode.c.h; path = ecies.h; sourceTree = "<group>"; };
		2924549E26E0A8050011AD44 /* cmac.h */ = {isa = PBXFileReference; fileEncoding = 4; lastKnownFileType = sourcecode.c.h; path = cmac.h; sourceTree = "<group>"; };
		2924549F26E0A8050011AD44 /* ebcdic.h */ = {isa = PBXFileReference; fileEncoding = 4; lastKnownFileType = sourcecode.c.h; path = ebcdic.h; sourceTree = "<group>"; };
		292454A026E0A8050011AD44 /* gmskf.h */ = {isa = PBXFileReference; fileEncoding = 4; lastKnownFileType = sourcecode.c.h; path = gmskf.h; sourceTree = "<group>"; };
		292454A126E0A8050011AD44 /* bfibe.h */ = {isa = PBXFileReference; fileEncoding = 4; lastKnownFileType = sourcecode.c.h; path = bfibe.h; sourceTree = "<group>"; };
		292454A226E0A8050011AD44 /* gmapi.h */ = {isa = PBXFileReference; fileEncoding = 4; lastKnownFileType = sourcecode.c.h; path = gmapi.h; sourceTree = "<group>"; };
		292454A326E0A8050011AD44 /* bn_hash.h */ = {isa = PBXFileReference; fileEncoding = 4; lastKnownFileType = sourcecode.c.h; path = bn_hash.h; sourceTree = "<group>"; };
		292454A426E0A8050011AD44 /* ec_hash.h */ = {isa = PBXFileReference; fileEncoding = 4; lastKnownFileType = sourcecode.c.h; path = ec_hash.h; sourceTree = "<group>"; };
		292454A526E0A8050011AD44 /* idea.h */ = {isa = PBXFileReference; fileEncoding = 4; lastKnownFileType = sourcecode.c.h; path = idea.h; sourceTree = "<group>"; };
		292454A626E0A8050011AD44 /* lhash.h */ = {isa = PBXFileReference; fileEncoding = 4; lastKnownFileType = sourcecode.c.h; path = lhash.h; sourceTree = "<group>"; };
		292454A726E0A8050011AD44 /* libssl.a */ = {isa = PBXFileReference; lastKnownFileType = archive.ar; path = libssl.a; sourceTree = "<group>"; };
		292454B326E0A8660011AD44 /* TestClass.h */ = {isa = PBXFileReference; lastKnownFileType = sourcecode.c.h; path = TestClass.h; sourceTree = "<group>"; };
		292454B426E0A8660011AD44 /* TestClass.m */ = {isa = PBXFileReference; lastKnownFileType = sourcecode.c.objc; path = TestClass.m; sourceTree = "<group>"; };
		292454C426E0AFDB0011AD44 /* testc.h */ = {isa = PBXFileReference; lastKnownFileType = sourcecode.c.h; path = testc.h; sourceTree = "<group>"; };
		292454C526E0AFDB0011AD44 /* testc.c */ = {isa = PBXFileReference; lastKnownFileType = sourcecode.c.c; path = testc.c; sourceTree = "<group>"; };
		292454C726E0B1110011AD44 /* testc.c */ = {isa = PBXFileReference; lastKnownFileType = sourcecode.c.c; path = testc.c; sourceTree = "<group>"; };
		292454C926E0B1140011AD44 /* testc.h */ = {isa = PBXFileReference; lastKnownFileType = sourcecode.c.h; path = testc.h; sourceTree = "<group>"; };
/* End PBXFileReference section */

/* Begin PBXFrameworksBuildPhase section */
		2924523626D331830011AD44 /* Frameworks */ = {
			isa = PBXFrameworksBuildPhase;
			buildActionMask = 2147483647;
			files = (
				292454AE26E0A82F0011AD44 /* libssl.a in Frameworks */,
				292454AF26E0A8350011AD44 /* libcrypto.a in Frameworks */,
			);
			runOnlyForDeploymentPostprocessing = 0;
		};
		2924541B26E0A7CC0011AD44 /* Frameworks */ = {
			isa = PBXFrameworksBuildPhase;
			buildActionMask = 2147483647;
			files = (
				292454B126E0A83C0011AD44 /* libssl.a in Frameworks */,
				292454B026E0A8390011AD44 /* libcrypto.a in Frameworks */,
			);
			runOnlyForDeploymentPostprocessing = 0;
		};
/* End PBXFrameworksBuildPhase section */

/* Begin PBXGroup section */
		2924523026D331820011AD44 = {
			isa = PBXGroup;
			children = (
				2924523B26D331830011AD44 /* BLAAllDemo */,
				2924541F26E0A7CC0011AD44 /* TestDyLib */,
				2924523A26D331830011AD44 /* Products */,
			);
			sourceTree = "<group>";
		};
		2924523A26D331830011AD44 /* Products */ = {
			isa = PBXGroup;
			children = (
				2924523926D331830011AD44 /* BLAAllDemo.app */,
				2924541E26E0A7CC0011AD44 /* TestDyLib.framework */,
			);
			name = Products;
			sourceTree = "<group>";
		};
		2924523B26D331830011AD44 /* BLAAllDemo */ = {
			isa = PBXGroup;
			children = (
				2924543426E0A8050011AD44 /* libcrypto.a */,
				292454A726E0A8050011AD44 /* libssl.a */,
				2924543526E0A8050011AD44 /* openssl */,
				2924542D26E0A8050011AD44 /* sm2 */,
				2924525626D331A30011AD44 /* TestLayer.h */,
				2924525726D331A30011AD44 /* TestLayer.m */,
				2924523C26D331830011AD44 /* AppDelegate.h */,
				2924523D26D331830011AD44 /* AppDelegate.m */,
				2924523F26D331830011AD44 /* SceneDelegate.h */,
				2924524026D331830011AD44 /* SceneDelegate.m */,
				2924524226D331830011AD44 /* ViewController.h */,
				2924524326D331830011AD44 /* ViewController.m */,
				2924524526D331830011AD44 /* Main.storyboard */,
				2924524826D3318C0011AD44 /* Assets.xcassets */,
				2924524A26D3318C0011AD44 /* LaunchScreen.storyboard */,
				2924524D26D3318C0011AD44 /* Info.plist */,
				2924524E26D3318C0011AD44 /* main.m */,
			);
			path = BLAAllDemo;
			sourceTree = "<group>";
		};
		2924539826E0A6F00011AD44 /* openssl */ = {
			isa = PBXGroup;
			children = (
				2924539926E0A6F00011AD44 /* pem2.h */,
				2924539A26E0A6F00011AD44 /* kdf.h */,
				2924539B26E0A6F00011AD44 /* pem.h */,
				2924539C26E0A6F00011AD44 /* md2.h */,
				2924539D26E0A6F00011AD44 /* ssl3.h */,
				2924539E26E0A6F00011AD44 /* ossl_typ.h */,
				2924539F26E0A6F00011AD44 /* dtls1.h */,
				292453A026E0A6F00011AD44 /* speck.h */,
				292453A126E0A6F00011AD44 /* err.h */,
				292453A226E0A6F00011AD44 /* bn.h */,
				292453A326E0A6F00011AD44 /* ec_type1.h */,
				292453A426E0A6F00011AD44 /* cpk.h */,
				292453A526E0A6F00011AD44 /* blowfish.h */,
				292453A626E0A6F00011AD44 /* cms.h */,
				292453A726E0A6F00011AD44 /* engine.h */,
				292453A826E0A6F00011AD44 /* conf_api.h */,
				292453A926E0A6F00011AD44 /* x509.h */,
				292453AA26E0A6F00011AD44 /* asn1_mac.h */,
				292453AB26E0A6F00011AD44 /* sm1.h */,
				292453AC26E0A6F00011AD44 /* ui.h */,
				292453AD26E0A6F00011AD44 /* sha.h */,
				292453AE26E0A6F00011AD44 /* symhacks.h */,
				292453AF26E0A6F00011AD44 /* asn1.h */,
				292453B026E0A6F00011AD44 /* opensslconf.h */,
				292453B126E0A6F00011AD44 /* bio.h */,
				292453B226E0A6F00011AD44 /* rc2.h */,
				292453B326E0A6F00011AD44 /* dh.h */,
				292453B426E0A6F10011AD44 /* __DECC_INCLUDE_PROLOGUE.H */,
				292453B526E0A6F10011AD44 /* x509v3.h */,
				292453B626E0A6F10011AD44 /* base58.h */,
				292453B726E0A6F10011AD44 /* conf.h */,
				292453B826E0A6F10011AD44 /* serpent.h */,
				292453B926E0A6F10011AD44 /* hkdf.h */,
				292453BA26E0A6F10011AD44 /* gmtls.h */,
				292453BB26E0A6F10011AD44 /* __DECC_INCLUDE_EPILOGUE.H */,
				292453BC26E0A6F10011AD44 /* zuc.h */,
				292453BD26E0A6F10011AD44 /* md5.h */,
				292453BE26E0A6F10011AD44 /* x509_vfy.h */,
				292453BF26E0A6F10011AD44 /* txt_db.h */,
				292453C026E0A6F10011AD44 /* sms4.h */,
				292453C126E0A6F10011AD44 /* sm2.h */,
				292453C226E0A6F10011AD44 /* safestack.h */,
				292453C326E0A6F10011AD44 /* paillier.h */,
				292453C426E0A6F10011AD44 /* ecdsa.h */,
				292453C526E0A6F10011AD44 /* rc5.h */,
				292453C626E0A6F10011AD44 /* objects.h */,
				292453C726E0A6F10011AD44 /* pkcs12.h */,
				292453C826E0A6F10011AD44 /* crypto.h */,
				292453C926E0A6F10011AD44 /* fppoint.h */,
				292453CA26E0A6F10011AD44 /* opensslv.h */,
				292453CB26E0A6F10011AD44 /* pkcs7.h */,
				292453CC26E0A6F10011AD44 /* obj_mac.h */,
				292453CD26E0A6F10011AD44 /* ct.h */,
				292453CE26E0A6F10011AD44 /* bb1ibe.h */,
				292453CF26E0A6F10011AD44 /* skf.h */,
				292453D026E0A6F10011AD44 /* async.h */,
				292453D126E0A6F10011AD44 /* buffer.h */,
				292453D226E0A6F10011AD44 /* ssl.h */,
				292453D326E0A6F10011AD44 /* srp.h */,
				292453D426E0A6F10011AD44 /* sgd.h */,
				292453D526E0A6F10011AD44 /* camellia.h */,
				292453D626E0A6F10011AD44 /* opensslconf.h.in */,
				292453D726E0A6F10011AD44 /* ffx.h */,
				292453D826E0A6F10011AD44 /* evp.h */,
				292453D926E0A6F10011AD44 /* bn_solinas.h */,
				292453DA26E0A6F10011AD44 /* otp.h */,
				292453DB26E0A6F10011AD44 /* e_os2.h */,
				292453DC26E0A6F10011AD44 /* md4.h */,
				292453DD26E0A6F10011AD44 /* sof.h */,
				292453DE26E0A6F10011AD44 /* hmac.h */,
				292453DF26E0A6F10011AD44 /* gmsdf.h */,
				292453E026E0A6F10011AD44 /* aes.h */,
				292453E126E0A6F10011AD44 /* comp.h */,
				292453E226E0A6F10011AD44 /* sm9.h */,
				292453E326E0A6F10011AD44 /* cast.h */,
				292453E426E0A6F10011AD44 /* sm3.h */,
				292453E526E0A6F10011AD44 /* ssf33.h */,
				292453E626E0A6F10011AD44 /* rc4.h */,
				292453E726E0A6F10011AD44 /* kdf2.h */,
				292453E826E0A6F10011AD44 /* stack.h */,
				292453E926E0A6F10011AD44 /* des.h */,
				292453EA26E0A6F10011AD44 /* ocsp.h */,
				292453EB26E0A6F10011AD44 /* ec.h */,
				292453EC26E0A6F10011AD44 /* gmsaf.h */,
				292453ED26E0A6F10011AD44 /* ecdh.h */,
				292453EE26E0A6F10011AD44 /* rand.h */,
				292453EF26E0A6F10011AD44 /* ts.h */,
				292453F026E0A6F10011AD44 /* saf.h */,
				292453F126E0A6F10011AD44 /* pem3.h */,
				292453F226E0A6F10011AD44 /* seed.h */,
				292453F326E0A6F10011AD44 /* modes.h */,
				292453F426E0A6F10011AD44 /* ssl2.h */,
				292453F526E0A6F10011AD44 /* rsa.h */,
				292453F626E0A6F10011AD44 /* ripemd.h */,
				292453F726E0A6F10011AD44 /* whrlpool.h */,
				292453F826E0A6F10011AD44 /* tls1.h */,
				292453F926E0A6F10011AD44 /* mdc2.h */,
				292453FA26E0A6F10011AD44 /* dsa.h */,
				292453FB26E0A6F10011AD44 /* srtp.h */,
				292453FC26E0A6F10011AD44 /* sdf.h */,
				292453FD26E0A6F10011AD44 /* asn1t.h */,
				292453FE26E0A6F10011AD44 /* gmsof.h */,
				292453FF26E0A6F10011AD44 /* bn_gfp2.h */,
				2924540026E0A6F10011AD44 /* ecies.h */,
				2924540126E0A6F10011AD44 /* cmac.h */,
				2924540226E0A6F10011AD44 /* ebcdic.h */,
				2924540326E0A6F10011AD44 /* gmskf.h */,
				2924540426E0A6F10011AD44 /* bfibe.h */,
				2924540526E0A6F10011AD44 /* gmapi.h */,
				2924540626E0A6F10011AD44 /* bn_hash.h */,
				2924540726E0A6F10011AD44 /* ec_hash.h */,
				2924540826E0A6F10011AD44 /* idea.h */,
				2924540926E0A6F10011AD44 /* lhash.h */,
			);
			path = openssl;
			sourceTree = "<group>";
		};
		2924540C26E0A6F50011AD44 /* sm2 */ = {
			isa = PBXGroup;
			children = (
				292454C926E0B1140011AD44 /* testc.h */,
				292454C726E0B1110011AD44 /* testc.c */,
				2924540D26E0A6F50011AD44 /* sm2oc.m */,
				2924540E26E0A6F50011AD44 /* e_os.h */,
				2924540F26E0A6F50011AD44 /* sm2_lcl.h */,
				2924541026E0A6F50011AD44 /* sm4.m */,
				2924541126E0A6F50011AD44 /* sm2oc.h */,
				2924541226E0A6F50011AD44 /* sm4.h */,
			);
			path = sm2;
			sourceTree = "<group>";
		};
		2924541F26E0A7CC0011AD44 /* TestDyLib */ = {
			isa = PBXGroup;
			children = (
				2924540C26E0A6F50011AD44 /* sm2 */,
				2924539826E0A6F00011AD44 /* openssl */,
				2924539326E0A6E50011AD44 /* libcrypto.a */,
				2924539626E0A6EA0011AD44 /* libssl.a */,
				2924542026E0A7CC0011AD44 /* TestDyLib.h */,
				292454B326E0A8660011AD44 /* TestClass.h */,
				292454B426E0A8660011AD44 /* TestClass.m */,
				2924542126E0A7CC0011AD44 /* Info.plist */,
			);
			path = TestDyLib;
			sourceTree = "<group>";
		};
		2924542D26E0A8050011AD44 /* sm2 */ = {
			isa = PBXGroup;
			children = (
				2924542E26E0A8050011AD44 /* sm2oc.m */,
				2924542F26E0A8050011AD44 /* e_os.h */,
				2924543026E0A8050011AD44 /* sm2_lcl.h */,
				2924543126E0A8050011AD44 /* sm4.m */,
				2924543226E0A8050011AD44 /* sm2oc.h */,
				2924543326E0A8050011AD44 /* sm4.h */,
				292454C426E0AFDB0011AD44 /* testc.h */,
				292454C526E0AFDB0011AD44 /* testc.c */,
			);
			path = sm2;
			sourceTree = "<group>";
		};
		2924543526E0A8050011AD44 /* openssl */ = {
			isa = PBXGroup;
			children = (
				2924543626E0A8050011AD44 /* pem2.h */,
				2924543726E0A8050011AD44 /* kdf.h */,
				2924543826E0A8050011AD44 /* pem.h */,
				2924543926E0A8050011AD44 /* md2.h */,
				2924543A26E0A8050011AD44 /* ssl3.h */,
				2924543B26E0A8050011AD44 /* ossl_typ.h */,
				2924543C26E0A8050011AD44 /* dtls1.h */,
				2924543D26E0A8050011AD44 /* speck.h */,
				2924543E26E0A8050011AD44 /* err.h */,
				2924543F26E0A8050011AD44 /* bn.h */,
				2924544026E0A8050011AD44 /* ec_type1.h */,
				2924544126E0A8050011AD44 /* cpk.h */,
				2924544226E0A8050011AD44 /* blowfish.h */,
				2924544326E0A8050011AD44 /* cms.h */,
				2924544426E0A8050011AD44 /* engine.h */,
				2924544526E0A8050011AD44 /* conf_api.h */,
				2924544626E0A8050011AD44 /* x509.h */,
				2924544726E0A8050011AD44 /* asn1_mac.h */,
				2924544826E0A8050011AD44 /* sm1.h */,
				2924544926E0A8050011AD44 /* ui.h */,
				2924544A26E0A8050011AD44 /* sha.h */,
				2924544B26E0A8050011AD44 /* symhacks.h */,
				2924544C26E0A8050011AD44 /* asn1.h */,
				2924544D26E0A8050011AD44 /* opensslconf.h */,
				2924544E26E0A8050011AD44 /* bio.h */,
				2924544F26E0A8050011AD44 /* rc2.h */,
				2924545026E0A8050011AD44 /* dh.h */,
				2924545126E0A8050011AD44 /* __DECC_INCLUDE_PROLOGUE.H */,
				2924545226E0A8050011AD44 /* x509v3.h */,
				2924545326E0A8050011AD44 /* base58.h */,
				2924545426E0A8050011AD44 /* conf.h */,
				2924545526E0A8050011AD44 /* serpent.h */,
				2924545626E0A8050011AD44 /* hkdf.h */,
				2924545726E0A8050011AD44 /* gmtls.h */,
				2924545826E0A8050011AD44 /* __DECC_INCLUDE_EPILOGUE.H */,
				2924545926E0A8050011AD44 /* zuc.h */,
				2924545A26E0A8050011AD44 /* md5.h */,
				2924545B26E0A8050011AD44 /* x509_vfy.h */,
				2924545C26E0A8050011AD44 /* txt_db.h */,
				2924545D26E0A8050011AD44 /* sms4.h */,
				2924545E26E0A8050011AD44 /* sm2.h */,
				2924545F26E0A8050011AD44 /* safestack.h */,
				2924546026E0A8050011AD44 /* paillier.h */,
				2924546126E0A8050011AD44 /* ecdsa.h */,
				2924546226E0A8050011AD44 /* rc5.h */,
				2924546326E0A8050011AD44 /* objects.h */,
				2924546426E0A8050011AD44 /* pkcs12.h */,
				2924546526E0A8050011AD44 /* crypto.h */,
				2924546626E0A8050011AD44 /* fppoint.h */,
				2924546726E0A8050011AD44 /* opensslv.h */,
				2924546826E0A8050011AD44 /* pkcs7.h */,
				2924546926E0A8050011AD44 /* obj_mac.h */,
				2924546A26E0A8050011AD44 /* ct.h */,
				2924546B26E0A8050011AD44 /* bb1ibe.h */,
				2924546C26E0A8050011AD44 /* skf.h */,
				2924546D26E0A8050011AD44 /* async.h */,
				2924546E26E0A8050011AD44 /* buffer.h */,
				2924546F26E0A8050011AD44 /* ssl.h */,
				2924547026E0A8050011AD44 /* srp.h */,
				2924547126E0A8050011AD44 /* sgd.h */,
				2924547226E0A8050011AD44 /* camellia.h */,
				2924547326E0A8050011AD44 /* opensslconf.h.in */,
				2924547426E0A8050011AD44 /* ffx.h */,
				2924547526E0A8050011AD44 /* evp.h */,
				2924547626E0A8050011AD44 /* bn_solinas.h */,
				2924547726E0A8050011AD44 /* otp.h */,
				2924547826E0A8050011AD44 /* e_os2.h */,
				2924547926E0A8050011AD44 /* md4.h */,
				2924547A26E0A8050011AD44 /* sof.h */,
				2924547B26E0A8050011AD44 /* hmac.h */,
				2924547C26E0A8050011AD44 /* gmsdf.h */,
				2924547D26E0A8050011AD44 /* aes.h */,
				2924547E26E0A8050011AD44 /* comp.h */,
				2924547F26E0A8050011AD44 /* sm9.h */,
				2924548026E0A8050011AD44 /* cast.h */,
				2924548126E0A8050011AD44 /* sm3.h */,
				2924548226E0A8050011AD44 /* ssf33.h */,
				2924548326E0A8050011AD44 /* rc4.h */,
				2924548426E0A8050011AD44 /* kdf2.h */,
				2924548526E0A8050011AD44 /* stack.h */,
				2924548626E0A8050011AD44 /* des.h */,
				2924548726E0A8050011AD44 /* ocsp.h */,
				2924548826E0A8050011AD44 /* ec.h */,
				2924548926E0A8050011AD44 /* gmsaf.h */,
				2924548A26E0A8050011AD44 /* ecdh.h */,
				2924548B26E0A8050011AD44 /* rand.h */,
				2924548C26E0A8050011AD44 /* ts.h */,
				2924548D26E0A8050011AD44 /* saf.h */,
				2924548E26E0A8050011AD44 /* pem3.h */,
				2924548F26E0A8050011AD44 /* seed.h */,
				2924549026E0A8050011AD44 /* modes.h */,
				2924549126E0A8050011AD44 /* ssl2.h */,
				2924549226E0A8050011AD44 /* rsa.h */,
				2924549326E0A8050011AD44 /* ripemd.h */,
				2924549426E0A8050011AD44 /* whrlpool.h */,
				2924549526E0A8050011AD44 /* tls1.h */,
				2924549626E0A8050011AD44 /* mdc2.h */,
				2924549726E0A8050011AD44 /* dsa.h */,
				2924549826E0A8050011AD44 /* srtp.h */,
				2924549926E0A8050011AD44 /* sdf.h */,
				2924549A26E0A8050011AD44 /* asn1t.h */,
				2924549B26E0A8050011AD44 /* gmsof.h */,
				2924549C26E0A8050011AD44 /* bn_gfp2.h */,
				2924549D26E0A8050011AD44 /* ecies.h */,
				2924549E26E0A8050011AD44 /* cmac.h */,
				2924549F26E0A8050011AD44 /* ebcdic.h */,
				292454A026E0A8050011AD44 /* gmskf.h */,
				292454A126E0A8050011AD44 /* bfibe.h */,
				292454A226E0A8050011AD44 /* gmapi.h */,
				292454A326E0A8050011AD44 /* bn_hash.h */,
				292454A426E0A8050011AD44 /* ec_hash.h */,
				292454A526E0A8050011AD44 /* idea.h */,
				292454A626E0A8050011AD44 /* lhash.h */,
			);
			path = openssl;
			sourceTree = "<group>";
		};
/* End PBXGroup section */

/* Begin PBXHeadersBuildPhase section */
		2924541926E0A7CC0011AD44 /* Headers */ = {
			isa = PBXHeadersBuildPhase;
			buildActionMask = 2147483647;
			files = (
				2924542226E0A7CC0011AD44 /* TestDyLib.h in Headers */,
				292454B526E0A8660011AD44 /* TestClass.h in Headers */,
			);
			runOnlyForDeploymentPostprocessing = 0;
		};
/* End PBXHeadersBuildPhase section */

/* Begin PBXNativeTarget section */
		2924523826D331830011AD44 /* BLAAllDemo */ = {
			isa = PBXNativeTarget;
			buildConfigurationList = 2924525226D3318C0011AD44 /* Build configuration list for PBXNativeTarget "BLAAllDemo" */;
			buildPhases = (
				2924523526D331830011AD44 /* Sources */,
				2924523626D331830011AD44 /* Frameworks */,
				2924523726D331830011AD44 /* Resources */,
				2924542A26E0A7CC0011AD44 /* Embed Frameworks */,
			);
			buildRules = (
			);
			dependencies = (
				2924542426E0A7CC0011AD44 /* PBXTargetDependency */,
			);
			name = BLAAllDemo;
			productName = BLAAllDemo;
			productReference = 2924523926D331830011AD44 /* BLAAllDemo.app */;
			productType = "com.apple.product-type.application";
		};
		2924541D26E0A7CC0011AD44 /* TestDyLib */ = {
			isa = PBXNativeTarget;
			buildConfigurationList = 2924542726E0A7CC0011AD44 /* Build configuration list for PBXNativeTarget "TestDyLib" */;
			buildPhases = (
				2924541926E0A7CC0011AD44 /* Headers */,
				2924541A26E0A7CC0011AD44 /* Sources */,
				2924541B26E0A7CC0011AD44 /* Frameworks */,
				2924541C26E0A7CC0011AD44 /* Resources */,
			);
			buildRules = (
			);
			dependencies = (
			);
			name = TestDyLib;
			productName = TestDyLib;
			productReference = 2924541E26E0A7CC0011AD44 /* TestDyLib.framework */;
			productType = "com.apple.product-type.framework";
		};
/* End PBXNativeTarget section */

/* Begin PBXProject section */
		2924523126D331820011AD44 /* Project object */ = {
			isa = PBXProject;
			attributes = {
				LastUpgradeCheck = 1230;
				TargetAttributes = {
					2924523826D331830011AD44 = {
						CreatedOnToolsVersion = 12.3;
					};
					2924541D26E0A7CC0011AD44 = {
						CreatedOnToolsVersion = 12.3;
					};
				};
			};
			buildConfigurationList = 2924523426D331820011AD44 /* Build configuration list for PBXProject "BLAAllDemo" */;
			compatibilityVersion = "Xcode 9.3";
			developmentRegion = en;
			hasScannedForEncodings = 0;
			knownRegions = (
				en,
				Base,
			);
			mainGroup = 2924523026D331820011AD44;
			productRefGroup = 2924523A26D331830011AD44 /* Products */;
			projectDirPath = "";
			projectRoot = "";
			targets = (
				2924523826D331830011AD44 /* BLAAllDemo */,
				2924541D26E0A7CC0011AD44 /* TestDyLib */,
			);
		};
/* End PBXProject section */

/* Begin PBXResourcesBuildPhase section */
		2924523726D331830011AD44 /* Resources */ = {
			isa = PBXResourcesBuildPhase;
			buildActionMask = 2147483647;
			files = (
				2924524C26D3318C0011AD44 /* LaunchScreen.storyboard in Resources */,
				292454AB26E0A8050011AD44 /* opensslconf.h.in in Resources */,
				2924524926D3318C0011AD44 /* Assets.xcassets in Resources */,
				2924524726D331830011AD44 /* Main.storyboard in Resources */,
			);
			runOnlyForDeploymentPostprocessing = 0;
		};
		2924541C26E0A7CC0011AD44 /* Resources */ = {
			isa = PBXResourcesBuildPhase;
			buildActionMask = 2147483647;
			files = (
			);
			runOnlyForDeploymentPostprocessing = 0;
		};
/* End PBXResourcesBuildPhase section */

/* Begin PBXSourcesBuildPhase section */
		2924523526D331830011AD44 /* Sources */ = {
			isa = PBXSourcesBuildPhase;
			buildActionMask = 2147483647;
			files = (
				2924524426D331830011AD44 /* ViewController.m in Sources */,
				2924523E26D331830011AD44 /* AppDelegate.m in Sources */,
				2924524F26D3318C0011AD44 /* main.m in Sources */,
				292454C626E0AFDB0011AD44 /* testc.c in Sources */,
				2924525826D331A40011AD44 /* TestLayer.m in Sources */,
				292454A926E0A8050011AD44 /* sm4.m in Sources */,
				292454A826E0A8050011AD44 /* sm2oc.m in Sources */,
				2924524126D331830011AD44 /* SceneDelegate.m in Sources */,
			);
			runOnlyForDeploymentPostprocessing = 0;
		};
		2924541A26E0A7CC0011AD44 /* Sources */ = {
			isa = PBXSourcesBuildPhase;
			buildActionMask = 2147483647;
			files = (
				292454BC26E0A9910011AD44 /* sm2oc.m in Sources */,
				292454BA26E0A98D0011AD44 /* sm4.m in Sources */,
				292454B626E0A8660011AD44 /* TestClass.m in Sources */,
				292454C826E0B1110011AD44 /* testc.c in Sources */,
			);
			runOnlyForDeploymentPostprocessing = 0;
		};
/* End PBXSourcesBuildPhase section */

/* Begin PBXTargetDependency section */
		2924542426E0A7CC0011AD44 /* PBXTargetDependency */ = {
			isa = PBXTargetDependency;
			target = 2924541D26E0A7CC0011AD44 /* TestDyLib */;
			targetProxy = 2924542326E0A7CC0011AD44 /* PBXContainerItemProxy */;
		};
/* End PBXTargetDependency section */

/* Begin PBXVariantGroup section */
		2924524526D331830011AD44 /* Main.storyboard */ = {
			isa = PBXVariantGroup;
			children = (
				2924524626D331830011AD44 /* Base */,
			);
			name = Main.storyboard;
			sourceTree = "<group>";
		};
		2924524A26D3318C0011AD44 /* LaunchScreen.storyboard */ = {
			isa = PBXVariantGroup;
			children = (
				2924524B26D3318C0011AD44 /* Base */,
			);
			name = LaunchScreen.storyboard;
			sourceTree = "<group>";
		};
/* End PBXVariantGroup section */

/* Begin XCBuildConfiguration section */
		2924525026D3318C0011AD44 /* Debug */ = {
			isa = XCBuildConfiguration;
			buildSettings = {
				ALWAYS_SEARCH_USER_PATHS = NO;
				CLANG_ANALYZER_NONNULL = YES;
				CLANG_ANALYZER_NUMBER_OBJECT_CONVERSION = YES_AGGRESSIVE;
				CLANG_CXX_LANGUAGE_STANDARD = "gnu++14";
				CLANG_CXX_LIBRARY = "libc++";
				CLANG_ENABLE_MODULES = YES;
				CLANG_ENABLE_OBJC_ARC = YES;
				CLANG_ENABLE_OBJC_WEAK = YES;
				CLANG_WARN_BLOCK_CAPTURE_AUTORELEASING = YES;
				CLANG_WARN_BOOL_CONVERSION = YES;
				CLANG_WARN_COMMA = YES;
				CLANG_WARN_CONSTANT_CONVERSION = YES;
				CLANG_WARN_DEPRECATED_OBJC_IMPLEMENTATIONS = YES;
				CLANG_WARN_DIRECT_OBJC_ISA_USAGE = YES_ERROR;
				CLANG_WARN_DOCUMENTATION_COMMENTS = YES;
				CLANG_WARN_EMPTY_BODY = YES;
				CLANG_WARN_ENUM_CONVERSION = YES;
				CLANG_WARN_INFINITE_RECURSION = YES;
				CLANG_WARN_INT_CONVERSION = YES;
				CLANG_WARN_NON_LITERAL_NULL_CONVERSION = YES;
				CLANG_WARN_OBJC_IMPLICIT_RETAIN_SELF = YES;
				CLANG_WARN_OBJC_LITERAL_CONVERSION = YES;
				CLANG_WARN_OBJC_ROOT_CLASS = YES_ERROR;
				CLANG_WARN_QUOTED_INCLUDE_IN_FRAMEWORK_HEADER = YES;
				CLANG_WARN_RANGE_LOOP_ANALYSIS = YES;
				CLANG_WARN_STRICT_PROTOTYPES = YES;
				CLANG_WARN_SUSPICIOUS_MOVE = YES;
				CLANG_WARN_UNGUARDED_AVAILABILITY = YES_AGGRESSIVE;
				CLANG_WARN_UNREACHABLE_CODE = YES;
				CLANG_WARN__DUPLICATE_METHOD_MATCH = YES;
				COPY_PHASE_STRIP = NO;
				DEBUG_INFORMATION_FORMAT = dwarf;
				ENABLE_STRICT_OBJC_MSGSEND = YES;
				ENABLE_TESTABILITY = YES;
				GCC_C_LANGUAGE_STANDARD = gnu11;
				GCC_DYNAMIC_NO_PIC = NO;
				GCC_NO_COMMON_BLOCKS = YES;
				GCC_OPTIMIZATION_LEVEL = 0;
				GCC_PREPROCESSOR_DEFINITIONS = (
					"DEBUG=1",
					"$(inherited)",
				);
				GCC_WARN_64_TO_32_BIT_CONVERSION = YES;
				GCC_WARN_ABOUT_RETURN_TYPE = YES_ERROR;
				GCC_WARN_UNDECLARED_SELECTOR = YES;
				GCC_WARN_UNINITIALIZED_AUTOS = YES_AGGRESSIVE;
				GCC_WARN_UNUSED_FUNCTION = YES;
				GCC_WARN_UNUSED_VARIABLE = YES;
				IPHONEOS_DEPLOYMENT_TARGET = 14.3;
				MTL_ENABLE_DEBUG_INFO = INCLUDE_SOURCE;
				MTL_FAST_MATH = YES;
				ONLY_ACTIVE_ARCH = YES;
				SDKROOT = iphoneos;
			};
			name = Debug;
		};
		2924525126D3318C0011AD44 /* Release */ = {
			isa = XCBuildConfiguration;
			buildSettings = {
				ALWAYS_SEARCH_USER_PATHS = NO;
				CLANG_ANALYZER_NONNULL = YES;
				CLANG_ANALYZER_NUMBER_OBJECT_CONVERSION = YES_AGGRESSIVE;
				CLANG_CXX_LANGUAGE_STANDARD = "gnu++14";
				CLANG_CXX_LIBRARY = "libc++";
				CLANG_ENABLE_MODULES = YES;
				CLANG_ENABLE_OBJC_ARC = YES;
				CLANG_ENABLE_OBJC_WEAK = YES;
				CLANG_WARN_BLOCK_CAPTURE_AUTORELEASING = YES;
				CLANG_WARN_BOOL_CONVERSION = YES;
				CLANG_WARN_COMMA = YES;
				CLANG_WARN_CONSTANT_CONVERSION = YES;
				CLANG_WARN_DEPRECATED_OBJC_IMPLEMENTATIONS = YES;
				CLANG_WARN_DIRECT_OBJC_ISA_USAGE = YES_ERROR;
				CLANG_WARN_DOCUMENTATION_COMMENTS = YES;
				CLANG_WARN_EMPTY_BODY = YES;
				CLANG_WARN_ENUM_CONVERSION = YES;
				CLANG_WARN_INFINITE_RECURSION = YES;
				CLANG_WARN_INT_CONVERSION = YES;
				CLANG_WARN_NON_LITERAL_NULL_CONVERSION = YES;
				CLANG_WARN_OBJC_IMPLICIT_RETAIN_SELF = YES;
				CLANG_WARN_OBJC_LITERAL_CONVERSION = YES;
				CLANG_WARN_OBJC_ROOT_CLASS = YES_ERROR;
				CLANG_WARN_QUOTED_INCLUDE_IN_FRAMEWORK_HEADER = YES;
				CLANG_WARN_RANGE_LOOP_ANALYSIS = YES;
				CLANG_WARN_STRICT_PROTOTYPES = YES;
				CLANG_WARN_SUSPICIOUS_MOVE = YES;
				CLANG_WARN_UNGUARDED_AVAILABILITY = YES_AGGRESSIVE;
				CLANG_WARN_UNREACHABLE_CODE = YES;
				CLANG_WARN__DUPLICATE_METHOD_MATCH = YES;
				COPY_PHASE_STRIP = NO;
				DEBUG_INFORMATION_FORMAT = "dwarf-with-dsym";
				ENABLE_NS_ASSERTIONS = NO;
				ENABLE_STRICT_OBJC_MSGSEND = YES;
				GCC_C_LANGUAGE_STANDARD = gnu11;
				GCC_NO_COMMON_BLOCKS = YES;
				GCC_WARN_64_TO_32_BIT_CONVERSION = YES;
				GCC_WARN_ABOUT_RETURN_TYPE = YES_ERROR;
				GCC_WARN_UNDECLARED_SELECTOR = YES;
				GCC_WARN_UNINITIALIZED_AUTOS = YES_AGGRESSIVE;
				GCC_WARN_UNUSED_FUNCTION = YES;
				GCC_WARN_UNUSED_VARIABLE = YES;
				IPHONEOS_DEPLOYMENT_TARGET = 14.3;
				MTL_ENABLE_DEBUG_INFO = NO;
				MTL_FAST_MATH = YES;
				SDKROOT = iphoneos;
				VALIDATE_PRODUCT = YES;
			};
			name = Release;
		};
		2924525326D3318C0011AD44 /* Debug */ = {
			isa = XCBuildConfiguration;
			buildSettings = {
				ASSETCATALOG_COMPILER_APPICON_NAME = AppIcon;
				ASSETCATALOG_COMPILER_GLOBAL_ACCENT_COLOR_NAME = AccentColor;
				CODE_SIGN_STYLE = Automatic;
				DEVELOPMENT_TEAM = 572G76Z7DA;
				ENABLE_BITCODE = NO;
				HEADER_SEARCH_PATHS = "\"$(SRCROOT)/BLAAllDemo\"";
				INFOPLIST_FILE = BLAAllDemo/Info.plist;
				LD_RUNPATH_SEARCH_PATHS = (
					"$(inherited)",
					"@executable_path/Frameworks",
				);
				LIBRARY_SEARCH_PATHS = (
					"$(inherited)",
					"$(PROJECT_DIR)/BLAAllDemo",
				);
				OTHER_LDFLAGS = (
					"-Xlinker",
					"-why_live",
					"-Xlinker",
					sm4dectest,
				);
				PRODUCT_BUNDLE_IDENTIFIER = org.gioneco.BLAAllDemo;
				PRODUCT_NAME = "$(TARGET_NAME)";
				TARGETED_DEVICE_FAMILY = "1,2";
			};
			name = Debug;
		};
		2924525426D3318C0011AD44 /* Release */ = {
			isa = XCBuildConfiguration;
			buildSettings = {
				ASSETCATALOG_COMPILER_APPICON_NAME = AppIcon;
				ASSETCATALOG_COMPILER_GLOBAL_ACCENT_COLOR_NAME = AccentColor;
				CODE_SIGN_STYLE = Automatic;
				DEVELOPMENT_TEAM = 572G76Z7DA;
				ENABLE_BITCODE = NO;
				HEADER_SEARCH_PATHS = "\"$(SRCROOT)/BLAAllDemo\"";
				INFOPLIST_FILE = BLAAllDemo/Info.plist;
				LD_RUNPATH_SEARCH_PATHS = (
					"$(inherited)",
					"@executable_path/Frameworks",
				);
				LIBRARY_SEARCH_PATHS = (
					"$(inherited)",
					"$(PROJECT_DIR)/BLAAllDemo",
				);
				OTHER_LDFLAGS = (
					"-Xlinker",
					"-why_live",
					"-Xlinker",
					sm4dectest,
				);
				PRODUCT_BUNDLE_IDENTIFIER = org.gioneco.BLAAllDemo;
				PRODUCT_NAME = "$(TARGET_NAME)";
				TARGETED_DEVICE_FAMILY = "1,2";
			};
			name = Release;
		};
		2924542826E0A7CC0011AD44 /* Debug */ = {
			isa = XCBuildConfiguration;
			buildSettings = {
				CODE_SIGN_STYLE = Automatic;
				CURRENT_PROJECT_VERSION = 1;
				DEFINES_MODULE = YES;
				DEVELOPMENT_TEAM = 572G76Z7DA;
				DYLIB_COMPATIBILITY_VERSION = 1;
				DYLIB_CURRENT_VERSION = 1;
				DYLIB_INSTALL_NAME_BASE = "@rpath";
				ENABLE_BITCODE = NO;
				HEADER_SEARCH_PATHS = "\"$(SRCROOT)/TestDyLib\"";
				INFOPLIST_FILE = TestDyLib/Info.plist;
				INSTALL_PATH = "$(LOCAL_LIBRARY_DIR)/Frameworks";
				LD_RUNPATH_SEARCH_PATHS = (
					"$(inherited)",
					"@executable_path/Frameworks",
					"@loader_path/Frameworks",
				);
				LIBRARY_SEARCH_PATHS = (
					"$(inherited)",
					"$(PROJECT_DIR)/TestDyLib",
				);
				MACH_O_TYPE = mh_dylib;
				OTHER_CFLAGS = "";
				OTHER_LDFLAGS = (
					"-exported_symbols_list",
					/Users/blackchena/Desktop/exportsymbollist,
				);
				PRODUCT_BUNDLE_IDENTIFIER = org.gioneco.TestDyLib;
				PRODUCT_NAME = "$(TARGET_NAME:c99extidentifier)";
				SKIP_INSTALL = YES;
				STRIP_STYLE = debugging;
				TARGETED_DEVICE_FAMILY = "1,2";
				VERSIONING_SYSTEM = "apple-generic";
				VERSION_INFO_PREFIX = "";
			};
			name = Debug;
		};
		2924542926E0A7CC0011AD44 /* Release */ = {
			isa = XCBuildConfiguration;
			buildSettings = {
				CODE_SIGN_STYLE = Automatic;
				CURRENT_PROJECT_VERSION = 1;
				DEFINES_MODULE = YES;
				DEVELOPMENT_TEAM = 572G76Z7DA;
				DYLIB_COMPATIBILITY_VERSION = 1;
				DYLIB_CURRENT_VERSION = 1;
				DYLIB_INSTALL_NAME_BASE = "@rpath";
				ENABLE_BITCODE = NO;
				HEADER_SEARCH_PATHS = "\"$(SRCROOT)/TestDyLib\"";
				INFOPLIST_FILE = TestDyLib/Info.plist;
				INSTALL_PATH = "$(LOCAL_LIBRARY_DIR)/Frameworks";
				LD_RUNPATH_SEARCH_PATHS = (
					"$(inherited)",
					"@executable_path/Frameworks",
					"@loader_path/Frameworks",
				);
				LIBRARY_SEARCH_PATHS = (
					"$(inherited)",
					"$(PROJECT_DIR)/TestDyLib",
				);
				MACH_O_TYPE = mh_dylib;
				OTHER_CFLAGS = "";
				OTHER_LDFLAGS = (
					"-exported_symbols_list",
					/Users/blackchena/Desktop/exportsymbollist,
				);
				PRODUCT_BUNDLE_IDENTIFIER = org.gioneco.TestDyLib;
				PRODUCT_NAME = "$(TARGET_NAME:c99extidentifier)";
				SKIP_INSTALL = YES;
				STRIP_STYLE = debugging;
				TARGETED_DEVICE_FAMILY = "1,2";
				VERSIONING_SYSTEM = "apple-generic";
				VERSION_INFO_PREFIX = "";
			};
			name = Release;
		};
/* End XCBuildConfiguration section */

/* Begin XCConfigurationList section */
		2924523426D331820011AD44 /* Build configuration list for PBXProject "BLAAllDemo" */ = {
			isa = XCConfigurationList;
			buildConfigurations = (
				2924525026D3318C0011AD44 /* Debug */,
				2924525126D3318C0011AD44 /* Release */,
			);
			defaultConfigurationIsVisible = 0;
			defaultConfigurationName = Release;
		};
		2924525226D3318C0011AD44 /* Build configuration list for PBXNativeTarget "BLAAllDemo" */ = {
			isa = XCConfigurationList;
			buildConfigurations = (
				2924525326D3318C0011AD44 /* Debug */,
				2924525426D3318C0011AD44 /* Release */,
			);
			defaultConfigurationIsVisible = 0;
			defaultConfigurationName = Release;
		};
		2924542726E0A7CC0011AD44 /* Build configuration list for PBXNativeTarget "TestDyLib" */ = {
			isa = XCConfigurationList;
			buildConfigurations = (
				2924542826E0A7CC0011AD44 /* Debug */,
				2924542926E0A7CC0011AD44 /* Release */,
			);
			defaultConfigurationIsVisible = 0;
			defaultConfigurationName = Release;
		};
/* End XCConfigurationList section */
	};
	rootObject = 2924523126D331820011AD44 /* Project object */;
}
